// !$*UTF8*$!
{
	archiveVersion = 1;
	classes = {
	};
	objectVersion = 46;
	objects = {

/* Begin PBXBuildFile section */
		A1D569A31CB7C74E004630A5 /* masterDetailUITest.swift in Sources */ = {isa = PBXBuildFile; fileRef = A1D569A21CB7C74E004630A5 /* masterDetailUITest.swift */; };
		A1D569A51CB7C7B2004630A5 /* detailRatingUITest.swift in Sources */ = {isa = PBXBuildFile; fileRef = A1D569A41CB7C7B2004630A5 /* detailRatingUITest.swift */; };
		A1D569A71CB7C890004630A5 /* detailMapUITest.swift in Sources */ = {isa = PBXBuildFile; fileRef = A1D569A61CB7C890004630A5 /* detailMapUITest.swift */; };
		DD4579CB1CD34B1200D28A7B /* CurrentWeatherViewController.swift in Sources */ = {isa = PBXBuildFile; fileRef = DD4579CA1CD34B1200D28A7B /* CurrentWeatherViewController.swift */; };
		DD4864A61CDE522F006AC296 /* Request+CoreDataProperties.swift in Sources */ = {isa = PBXBuildFile; fileRef = DD4864A41CDE522F006AC296 /* Request+CoreDataProperties.swift */; };
		DD4864A71CDE522F006AC296 /* Request.swift in Sources */ = {isa = PBXBuildFile; fileRef = DD4864A51CDE522F006AC296 /* Request.swift */; };
		DD59C9BF1CA95276006DE967 /* MapKit.framework in Frameworks */ = {isa = PBXBuildFile; fileRef = DD59C9BE1CA95276006DE967 /* MapKit.framework */; };
		DD6F36B01CE5BB4E00ACBD5F /* DetailIncomingViewController.swift in Sources */ = {isa = PBXBuildFile; fileRef = DD6F36AF1CE5BB4E00ACBD5F /* DetailIncomingViewController.swift */; };
		DD6F36B21CE5D14F00ACBD5F /* DetailOutgoingViewController.swift in Sources */ = {isa = PBXBuildFile; fileRef = DD6F36B11CE5D14F00ACBD5F /* DetailOutgoingViewController.swift */; };
		DD7774631CF0A7130032A353 /* VenueAPI.swift in Sources */ = {isa = PBXBuildFile; fileRef = DD7774621CF0A7130032A353 /* VenueAPI.swift */; };
		DD7774651CF0A7230032A353 /* VenueMaker.swift in Sources */ = {isa = PBXBuildFile; fileRef = DD7774641CF0A7230032A353 /* VenueMaker.swift */; };
		DD7774681CF0A7370032A353 /* Venue.swift in Sources */ = {isa = PBXBuildFile; fileRef = DD7774661CF0A7370032A353 /* Venue.swift */; };
		DD7774691CF0A7370032A353 /* VenueAnnotation.swift in Sources */ = {isa = PBXBuildFile; fileRef = DD7774671CF0A7370032A353 /* VenueAnnotation.swift */; };
		DD7FCAD71CDF001D00F0CB22 /* WorkRequest.swift in Sources */ = {isa = PBXBuildFile; fileRef = DD7FCAD61CDF001D00F0CB22 /* WorkRequest.swift */; };
		DD7FCAD91CDF08FD00F0CB22 /* IncomingRequestTableViewController.swift in Sources */ = {isa = PBXBuildFile; fileRef = DD7FCAD81CDF08FD00F0CB22 /* IncomingRequestTableViewController.swift */; };
		DD87A2581CEF2A3A00BEE12F /* FourSquareTableViewCell.swift in Sources */ = {isa = PBXBuildFile; fileRef = DD87A2571CEF2A3A00BEE12F /* FourSquareTableViewCell.swift */; };
		DD8C35611CF187030085D7CA /* TestSearchUser.swift in Sources */ = {isa = PBXBuildFile; fileRef = DD8C35601CF187030085D7CA /* TestSearchUser.swift */; };
		DD8D598E1CCCB2EC00875D39 /* ChatViewController.swift in Sources */ = {isa = PBXBuildFile; fileRef = DD8D598D1CCCB2EC00875D39 /* ChatViewController.swift */; };
		DD8F3DDE1C9FB91D0022FC63 /* BaseService.swift in Sources */ = {isa = PBXBuildFile; fileRef = DD8F3DDD1C9FB91D0022FC63 /* BaseService.swift */; };
		DD90671D1C9C1EE70027A9EA /* AppDelegate.swift in Sources */ = {isa = PBXBuildFile; fileRef = DD90671C1C9C1EE70027A9EA /* AppDelegate.swift */; };
		DD9067261C9C1EE70027A9EA /* Assets.xcassets in Resources */ = {isa = PBXBuildFile; fileRef = DD9067251C9C1EE70027A9EA /* Assets.xcassets */; };
		DD9067501C9C202C0027A9EA /* User.swift in Sources */ = {isa = PBXBuildFile; fileRef = DD90674F1C9C202C0027A9EA /* User.swift */; };
		DD9067521C9C21300027A9EA /* Talent.swift in Sources */ = {isa = PBXBuildFile; fileRef = DD9067511C9C21300027A9EA /* Talent.swift */; };
		DD9067541C9C22340027A9EA /* WorkItem.swift in Sources */ = {isa = PBXBuildFile; fileRef = DD9067531C9C22340027A9EA /* WorkItem.swift */; };
		DD90B20B1CF0B29F00D73FBA /* CoreDataHelper.swift in Sources */ = {isa = PBXBuildFile; fileRef = DD90B2061CF0B29F00D73FBA /* CoreDataHelper.swift */; };
		DD90B20C1CF0B29F00D73FBA /* Info.plist in Resources */ = {isa = PBXBuildFile; fileRef = DD90B2071CF0B29F00D73FBA /* Info.plist */; };
		DD90B20D1CF0B29F00D73FBA /* TestAdditionOfUser.swift in Sources */ = {isa = PBXBuildFile; fileRef = DD90B2081CF0B29F00D73FBA /* TestAdditionOfUser.swift */; };
		DD90B20E1CF0B29F00D73FBA /* TestCurrentWeatherIcon.swift in Sources */ = {isa = PBXBuildFile; fileRef = DD90B2091CF0B29F00D73FBA /* TestCurrentWeatherIcon.swift */; };
		DD90B20F1CF0B29F00D73FBA /* TestNumberOfUsers.swift in Sources */ = {isa = PBXBuildFile; fileRef = DD90B20A1CF0B29F00D73FBA /* TestNumberOfUsers.swift */; };
		DDA7D3831CCCA4470022DEBA /* Main.storyboard in Resources */ = {isa = PBXBuildFile; fileRef = DDA7D3811CCCA4470022DEBA /* Main.storyboard */; };
		DDA7D3861CCCA5460022DEBA /* LaunchScreen.storyboard in Resources */ = {isa = PBXBuildFile; fileRef = DDA7D3841CCCA5460022DEBA /* LaunchScreen.storyboard */; };
		DDA7D3951CCCADBF0022DEBA /* DetailTableViewController.swift in Sources */ = {isa = PBXBuildFile; fileRef = DDA7D3871CCCADBF0022DEBA /* DetailTableViewController.swift */; };
		DDA7D3961CCCADBF0022DEBA /* FirstViewController.swift in Sources */ = {isa = PBXBuildFile; fileRef = DDA7D3881CCCADBF0022DEBA /* FirstViewController.swift */; };
		DDA7D3971CCCADBF0022DEBA /* LoginViewController.swift in Sources */ = {isa = PBXBuildFile; fileRef = DDA7D3891CCCADBF0022DEBA /* LoginViewController.swift */; };
		DDA7D3981CCCADBF0022DEBA /* MapViewController.swift in Sources */ = {isa = PBXBuildFile; fileRef = DDA7D38A1CCCADBF0022DEBA /* MapViewController.swift */; };
		DDA7D3991CCCADBF0022DEBA /* MasterDetailTableViewCell.swift in Sources */ = {isa = PBXBuildFile; fileRef = DDA7D38B1CCCADBF0022DEBA /* MasterDetailTableViewCell.swift */; };
		DDA7D39A1CCCADBF0022DEBA /* MasterTableViewCell.swift in Sources */ = {isa = PBXBuildFile; fileRef = DDA7D38C1CCCADBF0022DEBA /* MasterTableViewCell.swift */; };
		DDA7D39C1CCCADBF0022DEBA /* NewWorkTableViewController.swift in Sources */ = {isa = PBXBuildFile; fileRef = DDA7D38E1CCCADBF0022DEBA /* NewWorkTableViewController.swift */; };
		DDA7D39D1CCCADBF0022DEBA /* RatingViewController.swift in Sources */ = {isa = PBXBuildFile; fileRef = DDA7D38F1CCCADBF0022DEBA /* RatingViewController.swift */; };
		DDA7D39E1CCCADBF0022DEBA /* SaveNewSkillTableViewController.swift in Sources */ = {isa = PBXBuildFile; fileRef = DDA7D3901CCCADBF0022DEBA /* SaveNewSkillTableViewController.swift */; };
		DDA7D39F1CCCADBF0022DEBA /* SkillTableViewCell.swift in Sources */ = {isa = PBXBuildFile; fileRef = DDA7D3911CCCADBF0022DEBA /* SkillTableViewCell.swift */; };
		DDA7D3A01CCCADBF0022DEBA /* SkillViewController.swift in Sources */ = {isa = PBXBuildFile; fileRef = DDA7D3921CCCADBF0022DEBA /* SkillViewController.swift */; };
		DDA7D3A11CCCADBF0022DEBA /* WorkTableViewCell.swift in Sources */ = {isa = PBXBuildFile; fileRef = DDA7D3931CCCADBF0022DEBA /* WorkTableViewCell.swift */; };
		DDA7D3A21CCCADBF0022DEBA /* WorkViewController.swift in Sources */ = {isa = PBXBuildFile; fileRef = DDA7D3941CCCADBF0022DEBA /* WorkViewController.swift */; };
		DDB079A31CB962AC00DBABEC /* cellCountUITest.swift in Sources */ = {isa = PBXBuildFile; fileRef = DDB079A21CB962AC00DBABEC /* cellCountUITest.swift */; };
		DDB079A51CB962CE00DBABEC /* ratingUITest.swift in Sources */ = {isa = PBXBuildFile; fileRef = DDB079A41CB962CE00DBABEC /* ratingUITest.swift */; };
		DDB079A71CB9638500DBABEC /* alertControllerUITest.swift in Sources */ = {isa = PBXBuildFile; fileRef = DDB079A61CB9638500DBABEC /* alertControllerUITest.swift */; };
		DDC147521CEEFEBF0014ECF3 /* FourSquareVenueViewController.swift in Sources */ = {isa = PBXBuildFile; fileRef = DDC147511CEEFEBF0014ECF3 /* FourSquareVenueViewController.swift */; };
		DDC1FCA11CE9D3ED00ACCD6E /* RequestTableViewController.swift in Sources */ = {isa = PBXBuildFile; fileRef = DDC1FCA01CE9D3ED00ACCD6E /* RequestTableViewController.swift */; };
		DDC26C961CDB7A6E005FAB18 /* Person+CoreDataProperties.swift in Sources */ = {isa = PBXBuildFile; fileRef = DDC26C8E1CDB7A6E005FAB18 /* Person+CoreDataProperties.swift */; };
		DDC26C971CDB7A6E005FAB18 /* Person.swift in Sources */ = {isa = PBXBuildFile; fileRef = DDC26C8F1CDB7A6E005FAB18 /* Person.swift */; };
		DDC26C9A1CDB7A6E005FAB18 /* Work+CoreDataProperties.swift in Sources */ = {isa = PBXBuildFile; fileRef = DDC26C921CDB7A6E005FAB18 /* Work+CoreDataProperties.swift */; };
		DDC26C9B1CDB7A6E005FAB18 /* Work.swift in Sources */ = {isa = PBXBuildFile; fileRef = DDC26C931CDB7A6E005FAB18 /* Work.swift */; };
		DDC26C9C1CDB7A6E005FAB18 /* Skill+CoreDataProperties.swift in Sources */ = {isa = PBXBuildFile; fileRef = DDC26C941CDB7A6E005FAB18 /* Skill+CoreDataProperties.swift */; };
		DDC26C9D1CDB7A6E005FAB18 /* Skill.swift in Sources */ = {isa = PBXBuildFile; fileRef = DDC26C951CDB7A6E005FAB18 /* Skill.swift */; };
		DDC33A821CDB6EE500764FA1 /* ForecastService.swift in Sources */ = {isa = PBXBuildFile; fileRef = DDC33A811CDB6EE500764FA1 /* ForecastService.swift */; };
		DDC33A841CDB6F5400764FA1 /* IconFactory.swift in Sources */ = {isa = PBXBuildFile; fileRef = DDC33A831CDB6F5400764FA1 /* IconFactory.swift */; };
		DDC33A861CDB6F6400764FA1 /* CurrentWeather.swift in Sources */ = {isa = PBXBuildFile; fileRef = DDC33A851CDB6F6400764FA1 /* CurrentWeather.swift */; };
		DDC33A881CDB6F7800764FA1 /* NetworkOperation.swift in Sources */ = {isa = PBXBuildFile; fileRef = DDC33A871CDB6F7800764FA1 /* NetworkOperation.swift */; };
		DDC33A8B1CDB703800764FA1 /* betterment.xcdatamodeld in Sources */ = {isa = PBXBuildFile; fileRef = DDC33A891CDB703800764FA1 /* betterment.xcdatamodeld */; };
		DDD393961CEFF7C80010E3C4 /* DataSeeder.swift in Sources */ = {isa = PBXBuildFile; fileRef = DDD393951CEFF7C80010E3C4 /* DataSeeder.swift */; };
		DDF0763D1CE0C15700080BA1 /* IncomingRequestTableViewCell.swift in Sources */ = {isa = PBXBuildFile; fileRef = DDF0763C1CE0C15700080BA1 /* IncomingRequestTableViewCell.swift */; };
		DDF0763F1CE0D8A000080BA1 /* OutgoingRequestTableTableViewController.swift in Sources */ = {isa = PBXBuildFile; fileRef = DDF0763E1CE0D8A000080BA1 /* OutgoingRequestTableTableViewController.swift */; };
		DDF076411CE0DE8600080BA1 /* OutgoingRequestTableViewCell.swift in Sources */ = {isa = PBXBuildFile; fileRef = DDF076401CE0DE8600080BA1 /* OutgoingRequestTableViewCell.swift */; };
		FEEBD4E3907580C43D910054 /* Pods_betterment.framework in Frameworks */ = {isa = PBXBuildFile; fileRef = 356B151CB5B217C4E9E1FA14 /* Pods_betterment.framework */; };
/* End PBXBuildFile section */

/* Begin PBXContainerItemProxy section */
		DD9067301C9C1EE90027A9EA /* PBXContainerItemProxy */ = {
			isa = PBXContainerItemProxy;
			containerPortal = DD9067111C9C1EE60027A9EA /* Project object */;
			proxyType = 1;
			remoteGlobalIDString = DD9067181C9C1EE60027A9EA;
			remoteInfo = betterment;
		};
		DD90673B1C9C1EE90027A9EA /* PBXContainerItemProxy */ = {
			isa = PBXContainerItemProxy;
			containerPortal = DD9067111C9C1EE60027A9EA /* Project object */;
			proxyType = 1;
			remoteGlobalIDString = DD9067181C9C1EE60027A9EA;
			remoteInfo = betterment;
		};
/* End PBXContainerItemProxy section */

/* Begin PBXFileReference section */
		356B151CB5B217C4E9E1FA14 /* Pods_betterment.framework */ = {isa = PBXFileReference; explicitFileType = wrapper.framework; includeInIndex = 0; path = Pods_betterment.framework; sourceTree = BUILT_PRODUCTS_DIR; };
		57FBE1D55B84FC5B395A3D85 /* Pods-betterment.debug.xcconfig */ = {isa = PBXFileReference; includeInIndex = 1; lastKnownFileType = text.xcconfig; name = "Pods-betterment.debug.xcconfig"; path = "Pods/Target Support Files/Pods-betterment/Pods-betterment.debug.xcconfig"; sourceTree = "<group>"; };
		984592E2647987A862C89FE7 /* Pods-betterment.release.xcconfig */ = {isa = PBXFileReference; includeInIndex = 1; lastKnownFileType = text.xcconfig; name = "Pods-betterment.release.xcconfig"; path = "Pods/Target Support Files/Pods-betterment/Pods-betterment.release.xcconfig"; sourceTree = "<group>"; };
		A1D569A21CB7C74E004630A5 /* masterDetailUITest.swift */ = {isa = PBXFileReference; fileEncoding = 4; lastKnownFileType = sourcecode.swift; path = masterDetailUITest.swift; sourceTree = "<group>"; };
		A1D569A41CB7C7B2004630A5 /* detailRatingUITest.swift */ = {isa = PBXFileReference; fileEncoding = 4; lastKnownFileType = sourcecode.swift; path = detailRatingUITest.swift; sourceTree = "<group>"; };
		A1D569A61CB7C890004630A5 /* detailMapUITest.swift */ = {isa = PBXFileReference; fileEncoding = 4; lastKnownFileType = sourcecode.swift; path = detailMapUITest.swift; sourceTree = "<group>"; };
		DD092BA11C9EAAC800D031AA /* betterment-Bridging-Header.h */ = {isa = PBXFileReference; lastKnownFileType = sourcecode.c.h; path = "betterment-Bridging-Header.h"; sourceTree = "<group>"; };
		DD4579CA1CD34B1200D28A7B /* CurrentWeatherViewController.swift */ = {isa = PBXFileReference; fileEncoding = 4; lastKnownFileType = sourcecode.swift; name = CurrentWeatherViewController.swift; path = betterment/CurrentWeatherViewController.swift; sourceTree = SOURCE_ROOT; };
		DD4864A41CDE522F006AC296 /* Request+CoreDataProperties.swift */ = {isa = PBXFileReference; fileEncoding = 4; lastKnownFileType = sourcecode.swift; path = "Request+CoreDataProperties.swift"; sourceTree = "<group>"; };
		DD4864A51CDE522F006AC296 /* Request.swift */ = {isa = PBXFileReference; fileEncoding = 4; lastKnownFileType = sourcecode.swift; path = Request.swift; sourceTree = "<group>"; };
		DD59C9BE1CA95276006DE967 /* MapKit.framework */ = {isa = PBXFileReference; lastKnownFileType = wrapper.framework; name = MapKit.framework; path = System/Library/Frameworks/MapKit.framework; sourceTree = SDKROOT; };
		DD6F36AF1CE5BB4E00ACBD5F /* DetailIncomingViewController.swift */ = {isa = PBXFileReference; fileEncoding = 4; lastKnownFileType = sourcecode.swift; name = DetailIncomingViewController.swift; path = betterment/DetailIncomingViewController.swift; sourceTree = SOURCE_ROOT; };
		DD6F36B11CE5D14F00ACBD5F /* DetailOutgoingViewController.swift */ = {isa = PBXFileReference; fileEncoding = 4; lastKnownFileType = sourcecode.swift; name = DetailOutgoingViewController.swift; path = betterment/DetailOutgoingViewController.swift; sourceTree = SOURCE_ROOT; };
		DD7774621CF0A7130032A353 /* VenueAPI.swift */ = {isa = PBXFileReference; fileEncoding = 4; lastKnownFileType = sourcecode.swift; path = VenueAPI.swift; sourceTree = "<group>"; };
		DD7774641CF0A7230032A353 /* VenueMaker.swift */ = {isa = PBXFileReference; fileEncoding = 4; lastKnownFileType = sourcecode.swift; path = VenueMaker.swift; sourceTree = "<group>"; };
		DD7774661CF0A7370032A353 /* Venue.swift */ = {isa = PBXFileReference; fileEncoding = 4; lastKnownFileType = sourcecode.swift; path = Venue.swift; sourceTree = "<group>"; };
		DD7774671CF0A7370032A353 /* VenueAnnotation.swift */ = {isa = PBXFileReference; fileEncoding = 4; lastKnownFileType = sourcecode.swift; path = VenueAnnotation.swift; sourceTree = "<group>"; };
		DD7FCAD61CDF001D00F0CB22 /* WorkRequest.swift */ = {isa = PBXFileReference; fileEncoding = 4; lastKnownFileType = sourcecode.swift; path = WorkRequest.swift; sourceTree = "<group>"; };
		DD7FCAD81CDF08FD00F0CB22 /* IncomingRequestTableViewController.swift */ = {isa = PBXFileReference; fileEncoding = 4; lastKnownFileType = sourcecode.swift; name = IncomingRequestTableViewController.swift; path = betterment/IncomingRequestTableViewController.swift; sourceTree = SOURCE_ROOT; };
		DD87A2571CEF2A3A00BEE12F /* FourSquareTableViewCell.swift */ = {isa = PBXFileReference; fileEncoding = 4; lastKnownFileType = sourcecode.swift; name = FourSquareTableViewCell.swift; path = betterment/FourSquareTableViewCell.swift; sourceTree = SOURCE_ROOT; };
		DD8C35601CF187030085D7CA /* TestSearchUser.swift */ = {isa = PBXFileReference; fileEncoding = 4; lastKnownFileType = sourcecode.swift; path = TestSearchUser.swift; sourceTree = "<group>"; };
		DD8D598D1CCCB2EC00875D39 /* ChatViewController.swift */ = {isa = PBXFileReference; fileEncoding = 4; lastKnownFileType = sourcecode.swift; name = ChatViewController.swift; path = betterment/ChatViewController.swift; sourceTree = SOURCE_ROOT; };
		DD8F3DDD1C9FB91D0022FC63 /* BaseService.swift */ = {isa = PBXFileReference; fileEncoding = 4; lastKnownFileType = sourcecode.swift; path = BaseService.swift; sourceTree = "<group>"; };
		DD9067191C9C1EE60027A9EA /* betterment.app */ = {isa = PBXFileReference; explicitFileType = wrapper.application; includeInIndex = 0; path = betterment.app; sourceTree = BUILT_PRODUCTS_DIR; };
		DD90671C1C9C1EE70027A9EA /* AppDelegate.swift */ = {isa = PBXFileReference; lastKnownFileType = sourcecode.swift; path = AppDelegate.swift; sourceTree = "<group>"; };
		DD9067251C9C1EE70027A9EA /* Assets.xcassets */ = {isa = PBXFileReference; lastKnownFileType = folder.assetcatalog; path = Assets.xcassets; sourceTree = "<group>"; };
		DD90672A1C9C1EE80027A9EA /* Info.plist */ = {isa = PBXFileReference; lastKnownFileType = text.plist.xml; path = Info.plist; sourceTree = "<group>"; };
		DD90672F1C9C1EE90027A9EA /* bettermentTests.xctest */ = {isa = PBXFileReference; explicitFileType = wrapper.cfbundle; includeInIndex = 0; path = bettermentTests.xctest; sourceTree = BUILT_PRODUCTS_DIR; };
		DD90673A1C9C1EE90027A9EA /* bettermentUITests.xctest */ = {isa = PBXFileReference; explicitFileType = wrapper.cfbundle; includeInIndex = 0; path = bettermentUITests.xctest; sourceTree = BUILT_PRODUCTS_DIR; };
		DD9067401C9C1EE90027A9EA /* Info.plist */ = {isa = PBXFileReference; lastKnownFileType = text.plist.xml; path = Info.plist; sourceTree = "<group>"; };
		DD90674F1C9C202C0027A9EA /* User.swift */ = {isa = PBXFileReference; fileEncoding = 4; lastKnownFileType = sourcecode.swift; path = User.swift; sourceTree = "<group>"; };
		DD9067511C9C21300027A9EA /* Talent.swift */ = {isa = PBXFileReference; fileEncoding = 4; lastKnownFileType = sourcecode.swift; path = Talent.swift; sourceTree = "<group>"; };
		DD9067531C9C22340027A9EA /* WorkItem.swift */ = {isa = PBXFileReference; fileEncoding = 4; lastKnownFileType = sourcecode.swift; path = WorkItem.swift; sourceTree = "<group>"; };
		DD90B2061CF0B29F00D73FBA /* CoreDataHelper.swift */ = {isa = PBXFileReference; fileEncoding = 4; lastKnownFileType = sourcecode.swift; path = CoreDataHelper.swift; sourceTree = "<group>"; };
		DD90B2071CF0B29F00D73FBA /* Info.plist */ = {isa = PBXFileReference; fileEncoding = 4; lastKnownFileType = text.plist.xml; path = Info.plist; sourceTree = "<group>"; };
		DD90B2081CF0B29F00D73FBA /* TestAdditionOfUser.swift */ = {isa = PBXFileReference; fileEncoding = 4; lastKnownFileType = sourcecode.swift; path = TestAdditionOfUser.swift; sourceTree = "<group>"; };
		DD90B2091CF0B29F00D73FBA /* TestCurrentWeatherIcon.swift */ = {isa = PBXFileReference; fileEncoding = 4; lastKnownFileType = sourcecode.swift; path = TestCurrentWeatherIcon.swift; sourceTree = "<group>"; };
		DD90B20A1CF0B29F00D73FBA /* TestNumberOfUsers.swift */ = {isa = PBXFileReference; fileEncoding = 4; lastKnownFileType = sourcecode.swift; path = TestNumberOfUsers.swift; sourceTree = "<group>"; };
		DDA7D3821CCCA4470022DEBA /* Base */ = {isa = PBXFileReference; lastKnownFileType = file.storyboard; name = Base; path = betterment/Base.lproj/Main.storyboard; sourceTree = SOURCE_ROOT; };
		DDA7D3851CCCA5460022DEBA /* Base */ = {isa = PBXFileReference; lastKnownFileType = file.storyboard; name = Base; path = betterment/Base.lproj/LaunchScreen.storyboard; sourceTree = SOURCE_ROOT; };
		DDA7D3871CCCADBF0022DEBA /* DetailTableViewController.swift */ = {isa = PBXFileReference; fileEncoding = 4; lastKnownFileType = sourcecode.swift; name = DetailTableViewController.swift; path = betterment/DetailTableViewController.swift; sourceTree = SOURCE_ROOT; };
		DDA7D3881CCCADBF0022DEBA /* FirstViewController.swift */ = {isa = PBXFileReference; fileEncoding = 4; lastKnownFileType = sourcecode.swift; name = FirstViewController.swift; path = betterment/FirstViewController.swift; sourceTree = SOURCE_ROOT; };
		DDA7D3891CCCADBF0022DEBA /* LoginViewController.swift */ = {isa = PBXFileReference; fileEncoding = 4; lastKnownFileType = sourcecode.swift; name = LoginViewController.swift; path = betterment/LoginViewController.swift; sourceTree = SOURCE_ROOT; };
		DDA7D38A1CCCADBF0022DEBA /* MapViewController.swift */ = {isa = PBXFileReference; fileEncoding = 4; lastKnownFileType = sourcecode.swift; name = MapViewController.swift; path = betterment/MapViewController.swift; sourceTree = SOURCE_ROOT; };
		DDA7D38B1CCCADBF0022DEBA /* MasterDetailTableViewCell.swift */ = {isa = PBXFileReference; fileEncoding = 4; lastKnownFileType = sourcecode.swift; name = MasterDetailTableViewCell.swift; path = betterment/MasterDetailTableViewCell.swift; sourceTree = SOURCE_ROOT; };
		DDA7D38C1CCCADBF0022DEBA /* MasterTableViewCell.swift */ = {isa = PBXFileReference; fileEncoding = 4; lastKnownFileType = sourcecode.swift; name = MasterTableViewCell.swift; path = betterment/MasterTableViewCell.swift; sourceTree = SOURCE_ROOT; };
		DDA7D38E1CCCADBF0022DEBA /* NewWorkTableViewController.swift */ = {isa = PBXFileReference; fileEncoding = 4; lastKnownFileType = sourcecode.swift; name = NewWorkTableViewController.swift; path = betterment/NewWorkTableViewController.swift; sourceTree = SOURCE_ROOT; };
		DDA7D38F1CCCADBF0022DEBA /* RatingViewController.swift */ = {isa = PBXFileReference; fileEncoding = 4; lastKnownFileType = sourcecode.swift; name = RatingViewController.swift; path = betterment/RatingViewController.swift; sourceTree = SOURCE_ROOT; };
		DDA7D3901CCCADBF0022DEBA /* SaveNewSkillTableViewController.swift */ = {isa = PBXFileReference; fileEncoding = 4; lastKnownFileType = sourcecode.swift; name = SaveNewSkillTableViewController.swift; path = betterment/SaveNewSkillTableViewController.swift; sourceTree = SOURCE_ROOT; };
		DDA7D3911CCCADBF0022DEBA /* SkillTableViewCell.swift */ = {isa = PBXFileReference; fileEncoding = 4; lastKnownFileType = sourcecode.swift; name = SkillTableViewCell.swift; path = betterment/SkillTableViewCell.swift; sourceTree = SOURCE_ROOT; };
		DDA7D3921CCCADBF0022DEBA /* SkillViewController.swift */ = {isa = PBXFileReference; fileEncoding = 4; lastKnownFileType = sourcecode.swift; name = SkillViewController.swift; path = betterment/SkillViewController.swift; sourceTree = SOURCE_ROOT; };
		DDA7D3931CCCADBF0022DEBA /* WorkTableViewCell.swift */ = {isa = PBXFileReference; fileEncoding = 4; lastKnownFileType = sourcecode.swift; name = WorkTableViewCell.swift; path = betterment/WorkTableViewCell.swift; sourceTree = SOURCE_ROOT; };
		DDA7D3941CCCADBF0022DEBA /* WorkViewController.swift */ = {isa = PBXFileReference; fileEncoding = 4; lastKnownFileType = sourcecode.swift; name = WorkViewController.swift; path = betterment/WorkViewController.swift; sourceTree = SOURCE_ROOT; };
		DDB079A21CB962AC00DBABEC /* cellCountUITest.swift */ = {isa = PBXFileReference; fileEncoding = 4; lastKnownFileType = sourcecode.swift; path = cellCountUITest.swift; sourceTree = "<group>"; };
		DDB079A41CB962CE00DBABEC /* ratingUITest.swift */ = {isa = PBXFileReference; fileEncoding = 4; lastKnownFileType = sourcecode.swift; path = ratingUITest.swift; sourceTree = "<group>"; };
		DDB079A61CB9638500DBABEC /* alertControllerUITest.swift */ = {isa = PBXFileReference; fileEncoding = 4; lastKnownFileType = sourcecode.swift; path = alertControllerUITest.swift; sourceTree = "<group>"; };
		DDC147511CEEFEBF0014ECF3 /* FourSquareVenueViewController.swift */ = {isa = PBXFileReference; fileEncoding = 4; lastKnownFileType = sourcecode.swift; name = FourSquareVenueViewController.swift; path = betterment/FourSquareVenueViewController.swift; sourceTree = SOURCE_ROOT; };
		DDC1FCA01CE9D3ED00ACCD6E /* RequestTableViewController.swift */ = {isa = PBXFileReference; fileEncoding = 4; lastKnownFileType = sourcecode.swift; path = RequestTableViewController.swift; sourceTree = SOURCE_ROOT; };
		DDC26C8E1CDB7A6E005FAB18 /* Person+CoreDataProperties.swift */ = {isa = PBXFileReference; fileEncoding = 4; lastKnownFileType = sourcecode.swift; path = "Person+CoreDataProperties.swift"; sourceTree = "<group>"; };
		DDC26C8F1CDB7A6E005FAB18 /* Person.swift */ = {isa = PBXFileReference; fileEncoding = 4; lastKnownFileType = sourcecode.swift; path = Person.swift; sourceTree = "<group>"; };
		DDC26C921CDB7A6E005FAB18 /* Work+CoreDataProperties.swift */ = {isa = PBXFileReference; fileEncoding = 4; lastKnownFileType = sourcecode.swift; path = "Work+CoreDataProperties.swift"; sourceTree = "<group>"; };
		DDC26C931CDB7A6E005FAB18 /* Work.swift */ = {isa = PBXFileReference; fileEncoding = 4; lastKnownFileType = sourcecode.swift; path = Work.swift; sourceTree = "<group>"; };
		DDC26C941CDB7A6E005FAB18 /* Skill+CoreDataProperties.swift */ = {isa = PBXFileReference; fileEncoding = 4; lastKnownFileType = sourcecode.swift; path = "Skill+CoreDataProperties.swift"; sourceTree = "<group>"; };
		DDC26C951CDB7A6E005FAB18 /* Skill.swift */ = {isa = PBXFileReference; fileEncoding = 4; lastKnownFileType = sourcecode.swift; path = Skill.swift; sourceTree = "<group>"; };
		DDC33A811CDB6EE500764FA1 /* ForecastService.swift */ = {isa = PBXFileReference; fileEncoding = 4; lastKnownFileType = sourcecode.swift; path = ForecastService.swift; sourceTree = "<group>"; };
		DDC33A831CDB6F5400764FA1 /* IconFactory.swift */ = {isa = PBXFileReference; fileEncoding = 4; lastKnownFileType = sourcecode.swift; path = IconFactory.swift; sourceTree = "<group>"; };
		DDC33A851CDB6F6400764FA1 /* CurrentWeather.swift */ = {isa = PBXFileReference; fileEncoding = 4; lastKnownFileType = sourcecode.swift; path = CurrentWeather.swift; sourceTree = "<group>"; };
		DDC33A871CDB6F7800764FA1 /* NetworkOperation.swift */ = {isa = PBXFileReference; fileEncoding = 4; lastKnownFileType = sourcecode.swift; path = NetworkOperation.swift; sourceTree = "<group>"; };
		DDC33A8A1CDB703800764FA1 /* betterment.xcdatamodel */ = {isa = PBXFileReference; lastKnownFileType = wrapper.xcdatamodel; path = betterment.xcdatamodel; sourceTree = "<group>"; };
		DDD393951CEFF7C80010E3C4 /* DataSeeder.swift */ = {isa = PBXFileReference; fileEncoding = 4; lastKnownFileType = sourcecode.swift; path = DataSeeder.swift; sourceTree = "<group>"; };
		DDF0763C1CE0C15700080BA1 /* IncomingRequestTableViewCell.swift */ = {isa = PBXFileReference; fileEncoding = 4; lastKnownFileType = sourcecode.swift; path = IncomingRequestTableViewCell.swift; sourceTree = SOURCE_ROOT; };
		DDF0763E1CE0D8A000080BA1 /* OutgoingRequestTableTableViewController.swift */ = {isa = PBXFileReference; fileEncoding = 4; lastKnownFileType = sourcecode.swift; path = OutgoingRequestTableTableViewController.swift; sourceTree = SOURCE_ROOT; };
		DDF076401CE0DE8600080BA1 /* OutgoingRequestTableViewCell.swift */ = {isa = PBXFileReference; fileEncoding = 4; lastKnownFileType = sourcecode.swift; path = OutgoingRequestTableViewCell.swift; sourceTree = SOURCE_ROOT; };
/* End PBXFileReference section */

/* Begin PBXFrameworksBuildPhase section */
		DD9067161C9C1EE60027A9EA /* Frameworks */ = {
			isa = PBXFrameworksBuildPhase;
			buildActionMask = 2147483647;
			files = (
				DD59C9BF1CA95276006DE967 /* MapKit.framework in Frameworks */,
				FEEBD4E3907580C43D910054 /* Pods_betterment.framework in Frameworks */,
			);
			runOnlyForDeploymentPostprocessing = 0;
		};
		DD90672C1C9C1EE90027A9EA /* Frameworks */ = {
			isa = PBXFrameworksBuildPhase;
			buildActionMask = 2147483647;
			files = (
			);
			runOnlyForDeploymentPostprocessing = 0;
		};
		DD9067371C9C1EE90027A9EA /* Frameworks */ = {
			isa = PBXFrameworksBuildPhase;
			buildActionMask = 2147483647;
			files = (
			);
			runOnlyForDeploymentPostprocessing = 0;
		};
/* End PBXFrameworksBuildPhase section */

/* Begin PBXGroup section */
		511701A5AAA52686B1949987 /* view */ = {
			isa = PBXGroup;
			children = (
				DDA7D3841CCCA5460022DEBA /* LaunchScreen.storyboard */,
				DDA7D3811CCCA4470022DEBA /* Main.storyboard */,
			);
			path = view;
			sourceTree = "<group>";
		};
		51170B34988F83969B343EC1 /* controller */ = {
			isa = PBXGroup;
			children = (
				DDA7D3871CCCADBF0022DEBA /* DetailTableViewController.swift */,
				DDA7D3881CCCADBF0022DEBA /* FirstViewController.swift */,
				DDA7D3891CCCADBF0022DEBA /* LoginViewController.swift */,
				DDA7D38A1CCCADBF0022DEBA /* MapViewController.swift */,
				DDA7D38B1CCCADBF0022DEBA /* MasterDetailTableViewCell.swift */,
				DDA7D38C1CCCADBF0022DEBA /* MasterTableViewCell.swift */,
				DDA7D38E1CCCADBF0022DEBA /* NewWorkTableViewController.swift */,
				DDA7D38F1CCCADBF0022DEBA /* RatingViewController.swift */,
				DDA7D3901CCCADBF0022DEBA /* SaveNewSkillTableViewController.swift */,
				DDA7D3911CCCADBF0022DEBA /* SkillTableViewCell.swift */,
				DDA7D3921CCCADBF0022DEBA /* SkillViewController.swift */,
				DDA7D3931CCCADBF0022DEBA /* WorkTableViewCell.swift */,
				DDA7D3941CCCADBF0022DEBA /* WorkViewController.swift */,
				DD8D598D1CCCB2EC00875D39 /* ChatViewController.swift */,
				DD4579CA1CD34B1200D28A7B /* CurrentWeatherViewController.swift */,
				DD7FCAD81CDF08FD00F0CB22 /* IncomingRequestTableViewController.swift */,
				DDF0763C1CE0C15700080BA1 /* IncomingRequestTableViewCell.swift */,
				DDF0763E1CE0D8A000080BA1 /* OutgoingRequestTableTableViewController.swift */,
				DDF076401CE0DE8600080BA1 /* OutgoingRequestTableViewCell.swift */,
				DD6F36AF1CE5BB4E00ACBD5F /* DetailIncomingViewController.swift */,
				DD6F36B11CE5D14F00ACBD5F /* DetailOutgoingViewController.swift */,
				DDC1FCA01CE9D3ED00ACCD6E /* RequestTableViewController.swift */,
				DDC147511CEEFEBF0014ECF3 /* FourSquareVenueViewController.swift */,
				DD87A2571CEF2A3A00BEE12F /* FourSquareTableViewCell.swift */,
			);
			path = controller;
			sourceTree = "<group>";
		};
		77DD615F7FC8EB46A1FE60EE /* Frameworks */ = {
			isa = PBXGroup;
			children = (
				DD59C9BE1CA95276006DE967 /* MapKit.framework */,
				356B151CB5B217C4E9E1FA14 /* Pods_betterment.framework */,
			);
			name = Frameworks;
			sourceTree = "<group>";
		};
		A805864175C3DB3F776B7226 /* Pods */ = {
			isa = PBXGroup;
			children = (
				57FBE1D55B84FC5B395A3D85 /* Pods-betterment.debug.xcconfig */,
				984592E2647987A862C89FE7 /* Pods-betterment.release.xcconfig */,
			);
			name = Pods;
			sourceTree = "<group>";
		};
		DD29D7401CC54BEE00BD3274 /* misc */ = {
			isa = PBXGroup;
			children = (
				DD90672A1C9C1EE80027A9EA /* Info.plist */,
				DD90671C1C9C1EE70027A9EA /* AppDelegate.swift */,
				DD092BA11C9EAAC800D031AA /* betterment-Bridging-Header.h */,
			);
			name = misc;
			sourceTree = "<group>";
		};
		DD58D3C81CA00CBB00471714 /* service */ = {
			isa = PBXGroup;
			children = (
				DD7774621CF0A7130032A353 /* VenueAPI.swift */,
				DD8F3DDD1C9FB91D0022FC63 /* BaseService.swift */,
				DDC33A811CDB6EE500764FA1 /* ForecastService.swift */,
			);
			name = service;
			sourceTree = "<group>";
		};
		DD9067101C9C1EE60027A9EA = {
			isa = PBXGroup;
			children = (
				DD90671B1C9C1EE60027A9EA /* betterment */,
				DD9067321C9C1EE90027A9EA /* bettermentTests */,
				DD90673D1C9C1EE90027A9EA /* bettermentUITests */,
				DD90671A1C9C1EE60027A9EA /* Products */,
				A805864175C3DB3F776B7226 /* Pods */,
				77DD615F7FC8EB46A1FE60EE /* Frameworks */,
			);
			sourceTree = "<group>";
		};
		DD90671A1C9C1EE60027A9EA /* Products */ = {
			isa = PBXGroup;
			children = (
				DD9067191C9C1EE60027A9EA /* betterment.app */,
				DD90672F1C9C1EE90027A9EA /* bettermentTests.xctest */,
				DD90673A1C9C1EE90027A9EA /* bettermentUITests.xctest */,
			);
			name = Products;
			sourceTree = "<group>";
		};
		DD90671B1C9C1EE60027A9EA /* betterment */ = {
			isa = PBXGroup;
			children = (
				DDD393941CEFF79E0010E3C4 /* utility */,
				DDC26C9E1CDB7AA5005FAB18 /* DataModel */,
				DD29D7401CC54BEE00BD3274 /* misc */,
				DD58D3C81CA00CBB00471714 /* service */,
				DD90674C1C9C1FB20027A9EA /* model */,
				DD9067251C9C1EE70027A9EA /* Assets.xcassets */,
				51170B34988F83969B343EC1 /* controller */,
				511701A5AAA52686B1949987 /* view */,
				DDC33A891CDB703800764FA1 /* betterment.xcdatamodeld */,
			);
			path = betterment;
			sourceTree = "<group>";
		};
		DD9067321C9C1EE90027A9EA /* bettermentTests */ = {
			isa = PBXGroup;
			children = (
				DD90B2061CF0B29F00D73FBA /* CoreDataHelper.swift */,
				DD90B2071CF0B29F00D73FBA /* Info.plist */,
				DD90B2081CF0B29F00D73FBA /* TestAdditionOfUser.swift */,
				DD90B2091CF0B29F00D73FBA /* TestCurrentWeatherIcon.swift */,
				DD90B20A1CF0B29F00D73FBA /* TestNumberOfUsers.swift */,
				DD8C35601CF187030085D7CA /* TestSearchUser.swift */,
			);
			path = bettermentTests;
			sourceTree = "<group>";
		};
		DD90673D1C9C1EE90027A9EA /* bettermentUITests */ = {
			isa = PBXGroup;
			children = (
				DD9067401C9C1EE90027A9EA /* Info.plist */,
				A1D569A21CB7C74E004630A5 /* masterDetailUITest.swift */,
				A1D569A41CB7C7B2004630A5 /* detailRatingUITest.swift */,
				A1D569A61CB7C890004630A5 /* detailMapUITest.swift */,
				DDB079A21CB962AC00DBABEC /* cellCountUITest.swift */,
				DDB079A41CB962CE00DBABEC /* ratingUITest.swift */,
				DDB079A61CB9638500DBABEC /* alertControllerUITest.swift */,
			);
			path = bettermentUITests;
			sourceTree = "<group>";
		};
		DD90674C1C9C1FB20027A9EA /* model */ = {
			isa = PBXGroup;
			children = (
				DD7774661CF0A7370032A353 /* Venue.swift */,
				DD7774671CF0A7370032A353 /* VenueAnnotation.swift */,
				DDC33A831CDB6F5400764FA1 /* IconFactory.swift */,
				DDC33A851CDB6F6400764FA1 /* CurrentWeather.swift */,
				DDC33A871CDB6F7800764FA1 /* NetworkOperation.swift */,
			);
			name = model;
			sourceTree = "<group>";
		};
		DDC26C9E1CDB7AA5005FAB18 /* DataModel */ = {
			isa = PBXGroup;
			children = (
				DD4864A41CDE522F006AC296 /* Request+CoreDataProperties.swift */,
				DD4864A51CDE522F006AC296 /* Request.swift */,
				DDC26C8F1CDB7A6E005FAB18 /* Person.swift */,
				DDC26C921CDB7A6E005FAB18 /* Work+CoreDataProperties.swift */,
				DDC26C931CDB7A6E005FAB18 /* Work.swift */,
				DDC26C941CDB7A6E005FAB18 /* Skill+CoreDataProperties.swift */,
				DDC26C951CDB7A6E005FAB18 /* Skill.swift */,
				DDC26C8E1CDB7A6E005FAB18 /* Person+CoreDataProperties.swift */,
			);
			name = DataModel;
			sourceTree = "<group>";
		};
		DDD393941CEFF79E0010E3C4 /* utility */ = {
			isa = PBXGroup;
			children = (
				DD7774641CF0A7230032A353 /* VenueMaker.swift */,
				DD90674F1C9C202C0027A9EA /* User.swift */,
				DD9067531C9C22340027A9EA /* WorkItem.swift */,
				DD7FCAD61CDF001D00F0CB22 /* WorkRequest.swift */,
				DD9067511C9C21300027A9EA /* Talent.swift */,
				DDD393951CEFF7C80010E3C4 /* DataSeeder.swift */,
			);
			name = utility;
			sourceTree = "<group>";
		};
/* End PBXGroup section */

/* Begin PBXNativeTarget section */
		DD9067181C9C1EE60027A9EA /* betterment */ = {
			isa = PBXNativeTarget;
			buildConfigurationList = DD9067431C9C1EE90027A9EA /* Build configuration list for PBXNativeTarget "betterment" */;
			buildPhases = (
				DD1403BCD275B8DE31A6A225 /* Check Pods Manifest.lock */,
				DD9067151C9C1EE60027A9EA /* Sources */,
				DD9067161C9C1EE60027A9EA /* Frameworks */,
				DD9067171C9C1EE60027A9EA /* Resources */,
				314D6D1D8359002274FC7ABC /* Embed Pods Frameworks */,
				F4DBCE74862963C5C2F431F5 /* Copy Pods Resources */,
			);
			buildRules = (
			);
			dependencies = (
			);
			name = betterment;
			productName = betterment;
			productReference = DD9067191C9C1EE60027A9EA /* betterment.app */;
			productType = "com.apple.product-type.application";
		};
		DD90672E1C9C1EE90027A9EA /* bettermentTests */ = {
			isa = PBXNativeTarget;
			buildConfigurationList = DD9067461C9C1EE90027A9EA /* Build configuration list for PBXNativeTarget "bettermentTests" */;
			buildPhases = (
				DD90672B1C9C1EE90027A9EA /* Sources */,
				DD90672C1C9C1EE90027A9EA /* Frameworks */,
				DD90672D1C9C1EE90027A9EA /* Resources */,
			);
			buildRules = (
			);
			dependencies = (
				DD9067311C9C1EE90027A9EA /* PBXTargetDependency */,
			);
			name = bettermentTests;
			productName = bettermentTests;
			productReference = DD90672F1C9C1EE90027A9EA /* bettermentTests.xctest */;
			productType = "com.apple.product-type.bundle.unit-test";
		};
		DD9067391C9C1EE90027A9EA /* bettermentUITests */ = {
			isa = PBXNativeTarget;
			buildConfigurationList = DD9067491C9C1EE90027A9EA /* Build configuration list for PBXNativeTarget "bettermentUITests" */;
			buildPhases = (
				DD9067361C9C1EE90027A9EA /* Sources */,
				DD9067371C9C1EE90027A9EA /* Frameworks */,
				DD9067381C9C1EE90027A9EA /* Resources */,
			);
			buildRules = (
			);
			dependencies = (
				DD90673C1C9C1EE90027A9EA /* PBXTargetDependency */,
			);
			name = bettermentUITests;
			productName = bettermentUITests;
			productReference = DD90673A1C9C1EE90027A9EA /* bettermentUITests.xctest */;
			productType = "com.apple.product-type.bundle.ui-testing";
		};
/* End PBXNativeTarget section */

/* Begin PBXProject section */
		DD9067111C9C1EE60027A9EA /* Project object */ = {
			isa = PBXProject;
			attributes = {
				LastSwiftUpdateCheck = 0730;
				LastUpgradeCheck = 0720;
				ORGANIZATIONNAME = "Mitul Manish";
				TargetAttributes = {
					DD9067181C9C1EE60027A9EA = {
						CreatedOnToolsVersion = 7.2.1;
						DevelopmentTeam = RNF8E69GKB;
						SystemCapabilities = {
							com.apple.Maps.iOS = {
								enabled = 1;
							};
						};
					};
					DD90672E1C9C1EE90027A9EA = {
						CreatedOnToolsVersion = 7.2.1;
						DevelopmentTeam = RNF8E69GKB;
						TestTargetID = DD9067181C9C1EE60027A9EA;
					};
					DD9067391C9C1EE90027A9EA = {
						CreatedOnToolsVersion = 7.2.1;
						DevelopmentTeam = RNF8E69GKB;
						TestTargetID = DD9067181C9C1EE60027A9EA;
					};
				};
			};
			buildConfigurationList = DD9067141C9C1EE60027A9EA /* Build configuration list for PBXProject "betterment" */;
			compatibilityVersion = "Xcode 3.2";
			developmentRegion = English;
			hasScannedForEncodings = 0;
			knownRegions = (
				en,
				Base,
			);
			mainGroup = DD9067101C9C1EE60027A9EA;
			productRefGroup = DD90671A1C9C1EE60027A9EA /* Products */;
			projectDirPath = "";
			projectRoot = "";
			targets = (
				DD9067181C9C1EE60027A9EA /* betterment */,
				DD90672E1C9C1EE90027A9EA /* bettermentTests */,
				DD9067391C9C1EE90027A9EA /* bettermentUITests */,
			);
		};
/* End PBXProject section */

/* Begin PBXResourcesBuildPhase section */
		DD9067171C9C1EE60027A9EA /* Resources */ = {
			isa = PBXResourcesBuildPhase;
			buildActionMask = 2147483647;
			files = (
				DDA7D3861CCCA5460022DEBA /* LaunchScreen.storyboard in Resources */,
				DD9067261C9C1EE70027A9EA /* Assets.xcassets in Resources */,
				DDA7D3831CCCA4470022DEBA /* Main.storyboard in Resources */,
			);
			runOnlyForDeploymentPostprocessing = 0;
		};
		DD90672D1C9C1EE90027A9EA /* Resources */ = {
			isa = PBXResourcesBuildPhase;
			buildActionMask = 2147483647;
			files = (
				DD90B20C1CF0B29F00D73FBA /* Info.plist in Resources */,
			);
			runOnlyForDeploymentPostprocessing = 0;
		};
		DD9067381C9C1EE90027A9EA /* Resources */ = {
			isa = PBXResourcesBuildPhase;
			buildActionMask = 2147483647;
			files = (
			);
			runOnlyForDeploymentPostprocessing = 0;
		};
/* End PBXResourcesBuildPhase section */

/* Begin PBXShellScriptBuildPhase section */
		314D6D1D8359002274FC7ABC /* Embed Pods Frameworks */ = {
			isa = PBXShellScriptBuildPhase;
			buildActionMask = 2147483647;
			files = (
			);
			inputPaths = (
			);
			name = "Embed Pods Frameworks";
			outputPaths = (
			);
			runOnlyForDeploymentPostprocessing = 0;
			shellPath = /bin/sh;
			shellScript = "\"${SRCROOT}/Pods/Target Support Files/Pods-betterment/Pods-betterment-frameworks.sh\"\n";
			showEnvVarsInLog = 0;
		};
		DD1403BCD275B8DE31A6A225 /* Check Pods Manifest.lock */ = {
			isa = PBXShellScriptBuildPhase;
			buildActionMask = 2147483647;
			files = (
			);
			inputPaths = (
			);
			name = "Check Pods Manifest.lock";
			outputPaths = (
			);
			runOnlyForDeploymentPostprocessing = 0;
			shellPath = /bin/sh;
			shellScript = "diff \"${PODS_ROOT}/../Podfile.lock\" \"${PODS_ROOT}/Manifest.lock\" > /dev/null\nif [[ $? != 0 ]] ; then\n    cat << EOM\nerror: The sandbox is not in sync with the Podfile.lock. Run 'pod install' or update your CocoaPods installation.\nEOM\n    exit 1\nfi\n";
			showEnvVarsInLog = 0;
		};
		F4DBCE74862963C5C2F431F5 /* Copy Pods Resources */ = {
			isa = PBXShellScriptBuildPhase;
			buildActionMask = 2147483647;
			files = (
			);
			inputPaths = (
			);
			name = "Copy Pods Resources";
			outputPaths = (
			);
			runOnlyForDeploymentPostprocessing = 0;
			shellPath = /bin/sh;
			shellScript = "\"${SRCROOT}/Pods/Target Support Files/Pods-betterment/Pods-betterment-resources.sh\"\n";
			showEnvVarsInLog = 0;
		};
/* End PBXShellScriptBuildPhase section */

/* Begin PBXSourcesBuildPhase section */
		DD9067151C9C1EE60027A9EA /* Sources */ = {
			isa = PBXSourcesBuildPhase;
			buildActionMask = 2147483647;
			files = (
				DD6F36B01CE5BB4E00ACBD5F /* DetailIncomingViewController.swift in Sources */,
				DD90671D1C9C1EE70027A9EA /* AppDelegate.swift in Sources */,
				DD9067541C9C22340027A9EA /* WorkItem.swift in Sources */,
				DDC33A841CDB6F5400764FA1 /* IconFactory.swift in Sources */,
				DDA7D3A21CCCADBF0022DEBA /* WorkViewController.swift in Sources */,
				DDF0763F1CE0D8A000080BA1 /* OutgoingRequestTableTableViewController.swift in Sources */,
				DDA7D3961CCCADBF0022DEBA /* FirstViewController.swift in Sources */,
				DDA7D3981CCCADBF0022DEBA /* MapViewController.swift in Sources */,
				DD4864A71CDE522F006AC296 /* Request.swift in Sources */,
				DDC26C9A1CDB7A6E005FAB18 /* Work+CoreDataProperties.swift in Sources */,
				DD7774651CF0A7230032A353 /* VenueMaker.swift in Sources */,
				DDC1FCA11CE9D3ED00ACCD6E /* RequestTableViewController.swift in Sources */,
				DDC26C9B1CDB7A6E005FAB18 /* Work.swift in Sources */,
				DDA7D3A01CCCADBF0022DEBA /* SkillViewController.swift in Sources */,
				DDA7D3971CCCADBF0022DEBA /* LoginViewController.swift in Sources */,
				DDA7D39D1CCCADBF0022DEBA /* RatingViewController.swift in Sources */,
				DDC33A861CDB6F6400764FA1 /* CurrentWeather.swift in Sources */,
				DDC26C961CDB7A6E005FAB18 /* Person+CoreDataProperties.swift in Sources */,
				DD7FCAD71CDF001D00F0CB22 /* WorkRequest.swift in Sources */,
				DD87A2581CEF2A3A00BEE12F /* FourSquareTableViewCell.swift in Sources */,
				DDC33A821CDB6EE500764FA1 /* ForecastService.swift in Sources */,
				DDC33A881CDB6F7800764FA1 /* NetworkOperation.swift in Sources */,
				DDA7D39E1CCCADBF0022DEBA /* SaveNewSkillTableViewController.swift in Sources */,
				DDA7D39C1CCCADBF0022DEBA /* NewWorkTableViewController.swift in Sources */,
				DDF0763D1CE0C15700080BA1 /* IncomingRequestTableViewCell.swift in Sources */,
				DD9067521C9C21300027A9EA /* Talent.swift in Sources */,
				DDC26C9D1CDB7A6E005FAB18 /* Skill.swift in Sources */,
				DD7774631CF0A7130032A353 /* VenueAPI.swift in Sources */,
				DDF076411CE0DE8600080BA1 /* OutgoingRequestTableViewCell.swift in Sources */,
				DD4864A61CDE522F006AC296 /* Request+CoreDataProperties.swift in Sources */,
				DD7774691CF0A7370032A353 /* VenueAnnotation.swift in Sources */,
				DDC147521CEEFEBF0014ECF3 /* FourSquareVenueViewController.swift in Sources */,
				DD7FCAD91CDF08FD00F0CB22 /* IncomingRequestTableViewController.swift in Sources */,
				DDA7D39F1CCCADBF0022DEBA /* SkillTableViewCell.swift in Sources */,
				DDC26C971CDB7A6E005FAB18 /* Person.swift in Sources */,
				DD9067501C9C202C0027A9EA /* User.swift in Sources */,
				DDA7D3A11CCCADBF0022DEBA /* WorkTableViewCell.swift in Sources */,
				DD7774681CF0A7370032A353 /* Venue.swift in Sources */,
				DD6F36B21CE5D14F00ACBD5F /* DetailOutgoingViewController.swift in Sources */,
				DDC33A8B1CDB703800764FA1 /* betterment.xcdatamodeld in Sources */,
				DDA7D3951CCCADBF0022DEBA /* DetailTableViewController.swift in Sources */,
				DDA7D39A1CCCADBF0022DEBA /* MasterTableViewCell.swift in Sources */,
				DDC26C9C1CDB7A6E005FAB18 /* Skill+CoreDataProperties.swift in Sources */,
				DD4579CB1CD34B1200D28A7B /* CurrentWeatherViewController.swift in Sources */,
				DDA7D3991CCCADBF0022DEBA /* MasterDetailTableViewCell.swift in Sources */,
				DDD393961CEFF7C80010E3C4 /* DataSeeder.swift in Sources */,
				DD8D598E1CCCB2EC00875D39 /* ChatViewController.swift in Sources */,
				DD8F3DDE1C9FB91D0022FC63 /* BaseService.swift in Sources */,
			);
			runOnlyForDeploymentPostprocessing = 0;
		};
		DD90672B1C9C1EE90027A9EA /* Sources */ = {
			isa = PBXSourcesBuildPhase;
			buildActionMask = 2147483647;
			files = (
				DD90B20B1CF0B29F00D73FBA /* CoreDataHelper.swift in Sources */,
				DD90B20E1CF0B29F00D73FBA /* TestCurrentWeatherIcon.swift in Sources */,
				DD90B20F1CF0B29F00D73FBA /* TestNumberOfUsers.swift in Sources */,
				DD90B20D1CF0B29F00D73FBA /* TestAdditionOfUser.swift in Sources */,
				DD8C35611CF187030085D7CA /* TestSearchUser.swift in Sources */,
			);
			runOnlyForDeploymentPostprocessing = 0;
		};
		DD9067361C9C1EE90027A9EA /* Sources */ = {
			isa = PBXSourcesBuildPhase;
			buildActionMask = 2147483647;
			files = (
				A1D569A51CB7C7B2004630A5 /* detailRatingUITest.swift in Sources */,
				A1D569A31CB7C74E004630A5 /* masterDetailUITest.swift in Sources */,
				DDB079A71CB9638500DBABEC /* alertControllerUITest.swift in Sources */,
				DDB079A31CB962AC00DBABEC /* cellCountUITest.swift in Sources */,
				DDB079A51CB962CE00DBABEC /* ratingUITest.swift in Sources */,
				A1D569A71CB7C890004630A5 /* detailMapUITest.swift in Sources */,
			);
			runOnlyForDeploymentPostprocessing = 0;
		};
/* End PBXSourcesBuildPhase section */

/* Begin PBXTargetDependency section */
		DD9067311C9C1EE90027A9EA /* PBXTargetDependency */ = {
			isa = PBXTargetDependency;
			target = DD9067181C9C1EE60027A9EA /* betterment */;
			targetProxy = DD9067301C9C1EE90027A9EA /* PBXContainerItemProxy */;
		};
		DD90673C1C9C1EE90027A9EA /* PBXTargetDependency */ = {
			isa = PBXTargetDependency;
			target = DD9067181C9C1EE60027A9EA /* betterment */;
			targetProxy = DD90673B1C9C1EE90027A9EA /* PBXContainerItemProxy */;
		};
/* End PBXTargetDependency section */

/* Begin PBXVariantGroup section */
		DDA7D3811CCCA4470022DEBA /* Main.storyboard */ = {
			isa = PBXVariantGroup;
			children = (
				DDA7D3821CCCA4470022DEBA /* Base */,
			);
			name = Main.storyboard;
			sourceTree = "<group>";
		};
		DDA7D3841CCCA5460022DEBA /* LaunchScreen.storyboard */ = {
			isa = PBXVariantGroup;
			children = (
				DDA7D3851CCCA5460022DEBA /* Base */,
			);
			name = LaunchScreen.storyboard;
			sourceTree = "<group>";
		};
/* End PBXVariantGroup section */

/* Begin XCBuildConfiguration section */
		DD9067411C9C1EE90027A9EA /* Debug */ = {
			isa = XCBuildConfiguration;
			buildSettings = {
				ALWAYS_SEARCH_USER_PATHS = NO;
				CLANG_CXX_LANGUAGE_STANDARD = "gnu++0x";
				CLANG_CXX_LIBRARY = "libc++";
				CLANG_ENABLE_MODULES = YES;
				CLANG_ENABLE_OBJC_ARC = YES;
				CLANG_WARN_BOOL_CONVERSION = YES;
				CLANG_WARN_CONSTANT_CONVERSION = YES;
				CLANG_WARN_DIRECT_OBJC_ISA_USAGE = YES_ERROR;
				CLANG_WARN_EMPTY_BODY = YES;
				CLANG_WARN_ENUM_CONVERSION = YES;
				CLANG_WARN_INT_CONVERSION = YES;
				CLANG_WARN_OBJC_ROOT_CLASS = YES_ERROR;
				CLANG_WARN_UNREACHABLE_CODE = YES;
				CLANG_WARN__DUPLICATE_METHOD_MATCH = YES;
				"CODE_SIGN_IDENTITY[sdk=iphoneos*]" = "iPhone Developer";
				COPY_PHASE_STRIP = NO;
				DEBUG_INFORMATION_FORMAT = dwarf;
				ENABLE_STRICT_OBJC_MSGSEND = YES;
				ENABLE_TESTABILITY = YES;
				GCC_C_LANGUAGE_STANDARD = gnu99;
				GCC_DYNAMIC_NO_PIC = NO;
				GCC_NO_COMMON_BLOCKS = YES;
				GCC_OPTIMIZATION_LEVEL = 0;
				GCC_PREPROCESSOR_DEFINITIONS = (
					"DEBUG=1",
					"$(inherited)",
				);
				GCC_WARN_64_TO_32_BIT_CONVERSION = YES;
				GCC_WARN_ABOUT_RETURN_TYPE = YES_ERROR;
				GCC_WARN_UNDECLARED_SELECTOR = YES;
				GCC_WARN_UNINITIALIZED_AUTOS = YES_AGGRESSIVE;
				GCC_WARN_UNUSED_FUNCTION = YES;
				GCC_WARN_UNUSED_VARIABLE = YES;
				IPHONEOS_DEPLOYMENT_TARGET = 9.2;
				MTL_ENABLE_DEBUG_INFO = YES;
				ONLY_ACTIVE_ARCH = YES;
				SDKROOT = iphoneos;
				SWIFT_OPTIMIZATION_LEVEL = "-Onone";
				TARGETED_DEVICE_FAMILY = "1,2";
			};
			name = Debug;
		};
		DD9067421C9C1EE90027A9EA /* Release */ = {
			isa = XCBuildConfiguration;
			buildSettings = {
				ALWAYS_SEARCH_USER_PATHS = NO;
				CLANG_CXX_LANGUAGE_STANDARD = "gnu++0x";
				CLANG_CXX_LIBRARY = "libc++";
				CLANG_ENABLE_MODULES = YES;
				CLANG_ENABLE_OBJC_ARC = YES;
				CLANG_WARN_BOOL_CONVERSION = YES;
				CLANG_WARN_CONSTANT_CONVERSION = YES;
				CLANG_WARN_DIRECT_OBJC_ISA_USAGE = YES_ERROR;
				CLANG_WARN_EMPTY_BODY = YES;
				CLANG_WARN_ENUM_CONVERSION = YES;
				CLANG_WARN_INT_CONVERSION = YES;
				CLANG_WARN_OBJC_ROOT_CLASS = YES_ERROR;
				CLANG_WARN_UNREACHABLE_CODE = YES;
				CLANG_WARN__DUPLICATE_METHOD_MATCH = YES;
				"CODE_SIGN_IDENTITY[sdk=iphoneos*]" = "iPhone Developer";
				COPY_PHASE_STRIP = NO;
				DEBUG_INFORMATION_FORMAT = "dwarf-with-dsym";
				ENABLE_NS_ASSERTIONS = NO;
				ENABLE_STRICT_OBJC_MSGSEND = YES;
				GCC_C_LANGUAGE_STANDARD = gnu99;
				GCC_NO_COMMON_BLOCKS = YES;
				GCC_WARN_64_TO_32_BIT_CONVERSION = YES;
				GCC_WARN_ABOUT_RETURN_TYPE = YES_ERROR;
				GCC_WARN_UNDECLARED_SELECTOR = YES;
				GCC_WARN_UNINITIALIZED_AUTOS = YES_AGGRESSIVE;
				GCC_WARN_UNUSED_FUNCTION = YES;
				GCC_WARN_UNUSED_VARIABLE = YES;
				IPHONEOS_DEPLOYMENT_TARGET = 9.2;
				MTL_ENABLE_DEBUG_INFO = NO;
				SDKROOT = iphoneos;
				TARGETED_DEVICE_FAMILY = "1,2";
				VALIDATE_PRODUCT = YES;
			};
			name = Release;
		};
		DD9067441C9C1EE90027A9EA /* Debug */ = {
			isa = XCBuildConfiguration;
			baseConfigurationReference = 57FBE1D55B84FC5B395A3D85 /* Pods-betterment.debug.xcconfig */;
			buildSettings = {
				ASSETCATALOG_COMPILER_APPICON_NAME = AppIcon;
				CLANG_ENABLE_MODULES = YES;
				CODE_SIGN_IDENTITY = "iPhone Developer";
				INFOPLIST_FILE = betterment/Info.plist;
				LD_RUNPATH_SEARCH_PATHS = "$(inherited) @executable_path/Frameworks";
				PRODUCT_BUNDLE_IDENTIFIER = com.rmit.betterment;
				PRODUCT_NAME = "$(TARGET_NAME)";
				SWIFT_OBJC_BRIDGING_HEADER = "betterment/betterment-Bridging-Header.h";
				SWIFT_OPTIMIZATION_LEVEL = "-Onone";
			};
			name = Debug;
		};
		DD9067451C9C1EE90027A9EA /* Release */ = {
			isa = XCBuildConfiguration;
			baseConfigurationReference = 984592E2647987A862C89FE7 /* Pods-betterment.release.xcconfig */;
			buildSettings = {
				ASSETCATALOG_COMPILER_APPICON_NAME = AppIcon;
				CLANG_ENABLE_MODULES = YES;
				CODE_SIGN_IDENTITY = "iPhone Developer";
				INFOPLIST_FILE = betterment/Info.plist;
				LD_RUNPATH_SEARCH_PATHS = "$(inherited) @executable_path/Frameworks";
				PRODUCT_BUNDLE_IDENTIFIER = com.rmit.betterment;
				PRODUCT_NAME = "$(TARGET_NAME)";
				SWIFT_OBJC_BRIDGING_HEADER = "betterment/betterment-Bridging-Header.h";
			};
			name = Release;
		};
		DD9067471C9C1EE90027A9EA /* Debug */ = {
			isa = XCBuildConfiguration;
			buildSettings = {
				BUNDLE_LOADER = "$(TEST_HOST)";
				CLANG_ENABLE_MODULES = YES;
				INFOPLIST_FILE = bettermentTests/Info.plist;
				LD_RUNPATH_SEARCH_PATHS = "$(inherited) @executable_path/Frameworks @loader_path/Frameworks";
				PRODUCT_BUNDLE_IDENTIFIER = com.rmit.bettermentTests;
				PRODUCT_NAME = "$(TARGET_NAME)";
				SWIFT_OBJC_BRIDGING_HEADER = "";
				SWIFT_OPTIMIZATION_LEVEL = "-Onone";
				TEST_HOST = "$(BUILT_PRODUCTS_DIR)/betterment.app/betterment";
			};
			name = Debug;
		};
		DD9067481C9C1EE90027A9EA /* Release */ = {
			isa = XCBuildConfiguration;
			buildSettings = {
				BUNDLE_LOADER = "$(TEST_HOST)";
				CLANG_ENABLE_MODULES = YES;
				INFOPLIST_FILE = bettermentTests/Info.plist;
				LD_RUNPATH_SEARCH_PATHS = "$(inherited) @executable_path/Frameworks @loader_path/Frameworks";
				PRODUCT_BUNDLE_IDENTIFIER = com.rmit.bettermentTests;
				PRODUCT_NAME = "$(TARGET_NAME)";
				SWIFT_OBJC_BRIDGING_HEADER = "";
				TEST_HOST = "$(BUILT_PRODUCTS_DIR)/betterment.app/betterment";
			};
			name = Release;
		};
		DD90674A1C9C1EE90027A9EA /* Debug */ = {
			isa = XCBuildConfiguration;
			buildSettings = {
				INFOPLIST_FILE = bettermentUITests/Info.plist;
				LD_RUNPATH_SEARCH_PATHS = "$(inherited) @executable_path/Frameworks @loader_path/Frameworks";
				PRODUCT_BUNDLE_IDENTIFIER = com.rmit.bettermentUITests;
				PRODUCT_NAME = "$(TARGET_NAME)";
				TEST_TARGET_NAME = betterment;
				USES_XCTRUNNER = YES;
			};
			name = Debug;
		};
		DD90674B1C9C1EE90027A9EA /* Release */ = {
			isa = XCBuildConfiguration;
			buildSettings = {
				INFOPLIST_FILE = bettermentUITests/Info.plist;
				LD_RUNPATH_SEARCH_PATHS = "$(inherited) @executable_path/Frameworks @loader_path/Frameworks";
				PRODUCT_BUNDLE_IDENTIFIER = com.rmit.bettermentUITests;
				PRODUCT_NAME = "$(TARGET_NAME)";
				TEST_TARGET_NAME = betterment;
				USES_XCTRUNNER = YES;
			};
			name = Release;
		};
/* End XCBuildConfiguration section */

/* Begin XCConfigurationList section */
		DD9067141C9C1EE60027A9EA /* Build configuration list for PBXProject "betterment" */ = {
			isa = XCConfigurationList;
			buildConfigurations = (
				DD9067411C9C1EE90027A9EA /* Debug */,
				DD9067421C9C1EE90027A9EA /* Release */,
			);
			defaultConfigurationIsVisible = 0;
			defaultConfigurationName = Release;
		};
		DD9067431C9C1EE90027A9EA /* Build configuration list for PBXNativeTarget "betterment" */ = {
			isa = XCConfigurationList;
			buildConfigurations = (
				DD9067441C9C1EE90027A9EA /* Debug */,
				DD9067451C9C1EE90027A9EA /* Release */,
			);
			defaultConfigurationIsVisible = 0;
			defaultConfigurationName = Release;
		};
		DD9067461C9C1EE90027A9EA /* Build configuration list for PBXNativeTarget "bettermentTests" */ = {
			isa = XCConfigurationList;
			buildConfigurations = (
				DD9067471C9C1EE90027A9EA /* Debug */,
				DD9067481C9C1EE90027A9EA /* Release */,
			);
			defaultConfigurationIsVisible = 0;
			defaultConfigurationName = Release;
		};
		DD9067491C9C1EE90027A9EA /* Build configuration list for PBXNativeTarget "bettermentUITests" */ = {
			isa = XCConfigurationList;
			buildConfigurations = (
				DD90674A1C9C1EE90027A9EA /* Debug */,
				DD90674B1C9C1EE90027A9EA /* Release */,
			);
			defaultConfigurationIsVisible = 0;
			defaultConfigurationName = Release;
		};
/* End XCConfigurationList section */

/* Begin XCVersionGroup section */
		DDC33A891CDB703800764FA1 /* betterment.xcdatamodeld */ = {
			isa = XCVersionGroup;
			children = (
				DDC33A8A1CDB703800764FA1 /* betterment.xcdatamodel */,
			);
			currentVersion = DDC33A8A1CDB703800764FA1 /* betterment.xcdatamodel */;
			path = betterment.xcdatamodeld;
			sourceTree = "<group>";
			versionGroupType = wrapper.xcdatamodel;
		};
/* End XCVersionGroup section */
	};
	rootObject = DD9067111C9C1EE60027A9EA /* Project object */;
}
