// !$*UTF8*$!
{
	archiveVersion = 1;
	classes = {
	};
	objectVersion = 46;
	objects = {

/* Begin PBXBuildFile section */
		DD29B04C1C9D3171003BAF3C /* MasterTableViewCell.swift in Sources */ = {isa = PBXBuildFile; fileRef = DD29B04B1C9D3171003BAF3C /* MasterTableViewCell.swift */; };
		DD29B04E1C9D55AD003BAF3C /* MasterDetailTableViewCell.swift in Sources */ = {isa = PBXBuildFile; fileRef = DD29B04D1C9D55AD003BAF3C /* MasterDetailTableViewCell.swift */; };
		DD29B0501C9D5693003BAF3C /* DetailTableViewController.swift in Sources */ = {isa = PBXBuildFile; fileRef = DD29B04F1C9D5693003BAF3C /* DetailTableViewController.swift */; };
		DD8F3DDC1C9F878D0022FC63 /* LoginViewController.swift in Sources */ = {isa = PBXBuildFile; fileRef = DD8F3DDB1C9F878D0022FC63 /* LoginViewController.swift */; };
		DD8F3DDE1C9FB91D0022FC63 /* BaseService.swift in Sources */ = {isa = PBXBuildFile; fileRef = DD8F3DDD1C9FB91D0022FC63 /* BaseService.swift */; };
		DD90671D1C9C1EE70027A9EA /* AppDelegate.swift in Sources */ = {isa = PBXBuildFile; fileRef = DD90671C1C9C1EE70027A9EA /* AppDelegate.swift */; };
		DD90671F1C9C1EE70027A9EA /* FirstViewController.swift in Sources */ = {isa = PBXBuildFile; fileRef = DD90671E1C9C1EE70027A9EA /* FirstViewController.swift */; };
		DD9067211C9C1EE70027A9EA /* SecondViewController.swift in Sources */ = {isa = PBXBuildFile; fileRef = DD9067201C9C1EE70027A9EA /* SecondViewController.swift */; };
		DD9067241C9C1EE70027A9EA /* Main.storyboard in Resources */ = {isa = PBXBuildFile; fileRef = DD9067221C9C1EE70027A9EA /* Main.storyboard */; };
		DD9067261C9C1EE70027A9EA /* Assets.xcassets in Resources */ = {isa = PBXBuildFile; fileRef = DD9067251C9C1EE70027A9EA /* Assets.xcassets */; };
		DD9067291C9C1EE70027A9EA /* LaunchScreen.storyboard in Resources */ = {isa = PBXBuildFile; fileRef = DD9067271C9C1EE70027A9EA /* LaunchScreen.storyboard */; };
		DD9067341C9C1EE90027A9EA /* bettermentTests.swift in Sources */ = {isa = PBXBuildFile; fileRef = DD9067331C9C1EE90027A9EA /* bettermentTests.swift */; };
		DD90673F1C9C1EE90027A9EA /* bettermentUITests.swift in Sources */ = {isa = PBXBuildFile; fileRef = DD90673E1C9C1EE90027A9EA /* bettermentUITests.swift */; };
		DD9067501C9C202C0027A9EA /* Person.swift in Sources */ = {isa = PBXBuildFile; fileRef = DD90674F1C9C202C0027A9EA /* Person.swift */; };
		DD9067521C9C21300027A9EA /* Skill.swift in Sources */ = {isa = PBXBuildFile; fileRef = DD9067511C9C21300027A9EA /* Skill.swift */; };
		DD9067541C9C22340027A9EA /* Work.swift in Sources */ = {isa = PBXBuildFile; fileRef = DD9067531C9C22340027A9EA /* Work.swift */; };
		DDAC3C601CA2ADEF00D3E97E /* WorkViewController.swift in Sources */ = {isa = PBXBuildFile; fileRef = DDAC3C5F1CA2ADEE00D3E97E /* WorkViewController.swift */; };
		DDAC3C621CA2B30000D3E97E /* WorkTableViewCell.swift in Sources */ = {isa = PBXBuildFile; fileRef = DDAC3C611CA2B30000D3E97E /* WorkTableViewCell.swift */; };
		DDB4D3521CA14D8E00B51245 /* SkillViewController.swift in Sources */ = {isa = PBXBuildFile; fileRef = DDB4D3511CA14D8E00B51245 /* SkillViewController.swift */; };
		DDB4D3541CA199D500B51245 /* SkillTableViewCell.swift in Sources */ = {isa = PBXBuildFile; fileRef = DDB4D3531CA199D400B51245 /* SkillTableViewCell.swift */; };
		DDC056421C9C959E00F488D4 /* Welcome.storyboard in Resources */ = {isa = PBXBuildFile; fileRef = DDC056411C9C959E00F488D4 /* Welcome.storyboard */; };
		FEEBD4E3907580C43D910054 /* Pods_betterment.framework in Frameworks */ = {isa = PBXBuildFile; fileRef = 356B151CB5B217C4E9E1FA14 /* Pods_betterment.framework */; };
/* End PBXBuildFile section */

/* Begin PBXContainerItemProxy section */
		DD9067301C9C1EE90027A9EA /* PBXContainerItemProxy */ = {
			isa = PBXContainerItemProxy;
			containerPortal = DD9067111C9C1EE60027A9EA /* Project object */;
			proxyType = 1;
			remoteGlobalIDString = DD9067181C9C1EE60027A9EA;
			remoteInfo = betterment;
		};
		DD90673B1C9C1EE90027A9EA /* PBXContainerItemProxy */ = {
			isa = PBXContainerItemProxy;
			containerPortal = DD9067111C9C1EE60027A9EA /* Project object */;
			proxyType = 1;
			remoteGlobalIDString = DD9067181C9C1EE60027A9EA;
			remoteInfo = betterment;
		};
/* End PBXContainerItemProxy section */

/* Begin PBXFileReference section */
		356B151CB5B217C4E9E1FA14 /* Pods_betterment.framework */ = {isa = PBXFileReference; explicitFileType = wrapper.framework; includeInIndex = 0; path = Pods_betterment.framework; sourceTree = BUILT_PRODUCTS_DIR; };
		57FBE1D55B84FC5B395A3D85 /* Pods-betterment.debug.xcconfig */ = {isa = PBXFileReference; includeInIndex = 1; lastKnownFileType = text.xcconfig; name = "Pods-betterment.debug.xcconfig"; path = "Pods/Target Support Files/Pods-betterment/Pods-betterment.debug.xcconfig"; sourceTree = "<group>"; };
		984592E2647987A862C89FE7 /* Pods-betterment.release.xcconfig */ = {isa = PBXFileReference; includeInIndex = 1; lastKnownFileType = text.xcconfig; name = "Pods-betterment.release.xcconfig"; path = "Pods/Target Support Files/Pods-betterment/Pods-betterment.release.xcconfig"; sourceTree = "<group>"; };
		DD092BA11C9EAAC800D031AA /* betterment-Bridging-Header.h */ = {isa = PBXFileReference; lastKnownFileType = sourcecode.c.h; path = "betterment-Bridging-Header.h"; sourceTree = "<group>"; };
		DD29B04B1C9D3171003BAF3C /* MasterTableViewCell.swift */ = {isa = PBXFileReference; fileEncoding = 4; lastKnownFileType = sourcecode.swift; path = MasterTableViewCell.swift; sourceTree = "<group>"; };
		DD29B04D1C9D55AD003BAF3C /* MasterDetailTableViewCell.swift */ = {isa = PBXFileReference; fileEncoding = 4; lastKnownFileType = sourcecode.swift; path = MasterDetailTableViewCell.swift; sourceTree = "<group>"; };
		DD29B04F1C9D5693003BAF3C /* DetailTableViewController.swift */ = {isa = PBXFileReference; fileEncoding = 4; lastKnownFileType = sourcecode.swift; path = DetailTableViewController.swift; sourceTree = "<group>"; };
		DD8F3DDB1C9F878D0022FC63 /* LoginViewController.swift */ = {isa = PBXFileReference; fileEncoding = 4; lastKnownFileType = sourcecode.swift; path = LoginViewController.swift; sourceTree = "<group>"; };
		DD8F3DDD1C9FB91D0022FC63 /* BaseService.swift */ = {isa = PBXFileReference; fileEncoding = 4; lastKnownFileType = sourcecode.swift; path = BaseService.swift; sourceTree = "<group>"; };
		DD9067191C9C1EE60027A9EA /* betterment.app */ = {isa = PBXFileReference; explicitFileType = wrapper.application; includeInIndex = 0; path = betterment.app; sourceTree = BUILT_PRODUCTS_DIR; };
		DD90671C1C9C1EE70027A9EA /* AppDelegate.swift */ = {isa = PBXFileReference; lastKnownFileType = sourcecode.swift; path = AppDelegate.swift; sourceTree = "<group>"; };
		DD90671E1C9C1EE70027A9EA /* FirstViewController.swift */ = {isa = PBXFileReference; lastKnownFileType = sourcecode.swift; path = FirstViewController.swift; sourceTree = "<group>"; };
		DD9067201C9C1EE70027A9EA /* SecondViewController.swift */ = {isa = PBXFileReference; lastKnownFileType = sourcecode.swift; path = SecondViewController.swift; sourceTree = "<group>"; };
		DD9067231C9C1EE70027A9EA /* Base */ = {isa = PBXFileReference; lastKnownFileType = file.storyboard; name = Base; path = Base.lproj/Main.storyboard; sourceTree = "<group>"; };
		DD9067251C9C1EE70027A9EA /* Assets.xcassets */ = {isa = PBXFileReference; lastKnownFileType = folder.assetcatalog; path = Assets.xcassets; sourceTree = "<group>"; };
		DD9067281C9C1EE70027A9EA /* Base */ = {isa = PBXFileReference; lastKnownFileType = file.storyboard; name = Base; path = Base.lproj/LaunchScreen.storyboard; sourceTree = "<group>"; };
		DD90672A1C9C1EE80027A9EA /* Info.plist */ = {isa = PBXFileReference; lastKnownFileType = text.plist.xml; path = Info.plist; sourceTree = "<group>"; };
		DD90672F1C9C1EE90027A9EA /* bettermentTests.xctest */ = {isa = PBXFileReference; explicitFileType = wrapper.cfbundle; includeInIndex = 0; path = bettermentTests.xctest; sourceTree = BUILT_PRODUCTS_DIR; };
		DD9067331C9C1EE90027A9EA /* bettermentTests.swift */ = {isa = PBXFileReference; lastKnownFileType = sourcecode.swift; path = bettermentTests.swift; sourceTree = "<group>"; };
		DD9067351C9C1EE90027A9EA /* Info.plist */ = {isa = PBXFileReference; lastKnownFileType = text.plist.xml; path = Info.plist; sourceTree = "<group>"; };
		DD90673A1C9C1EE90027A9EA /* bettermentUITests.xctest */ = {isa = PBXFileReference; explicitFileType = wrapper.cfbundle; includeInIndex = 0; path = bettermentUITests.xctest; sourceTree = BUILT_PRODUCTS_DIR; };
		DD90673E1C9C1EE90027A9EA /* bettermentUITests.swift */ = {isa = PBXFileReference; lastKnownFileType = sourcecode.swift; path = bettermentUITests.swift; sourceTree = "<group>"; };
		DD9067401C9C1EE90027A9EA /* Info.plist */ = {isa = PBXFileReference; lastKnownFileType = text.plist.xml; path = Info.plist; sourceTree = "<group>"; };
		DD90674F1C9C202C0027A9EA /* Person.swift */ = {isa = PBXFileReference; fileEncoding = 4; lastKnownFileType = sourcecode.swift; path = Person.swift; sourceTree = "<group>"; };
		DD9067511C9C21300027A9EA /* Skill.swift */ = {isa = PBXFileReference; fileEncoding = 4; lastKnownFileType = sourcecode.swift; path = Skill.swift; sourceTree = "<group>"; };
		DD9067531C9C22340027A9EA /* Work.swift */ = {isa = PBXFileReference; fileEncoding = 4; lastKnownFileType = sourcecode.swift; path = Work.swift; sourceTree = "<group>"; };
		DDAC3C5F1CA2ADEE00D3E97E /* WorkViewController.swift */ = {isa = PBXFileReference; fileEncoding = 4; lastKnownFileType = sourcecode.swift; path = WorkViewController.swift; sourceTree = "<group>"; };
		DDAC3C611CA2B30000D3E97E /* WorkTableViewCell.swift */ = {isa = PBXFileReference; fileEncoding = 4; lastKnownFileType = sourcecode.swift; path = WorkTableViewCell.swift; sourceTree = "<group>"; };
		DDB4D3511CA14D8E00B51245 /* SkillViewController.swift */ = {isa = PBXFileReference; fileEncoding = 4; lastKnownFileType = sourcecode.swift; path = SkillViewController.swift; sourceTree = "<group>"; };
		DDB4D3531CA199D400B51245 /* SkillTableViewCell.swift */ = {isa = PBXFileReference; fileEncoding = 4; lastKnownFileType = sourcecode.swift; path = SkillTableViewCell.swift; sourceTree = "<group>"; };
		DDC056411C9C959E00F488D4 /* Welcome.storyboard */ = {isa = PBXFileReference; fileEncoding = 4; lastKnownFileType = file.storyboard; path = Welcome.storyboard; sourceTree = "<group>"; };
/* End PBXFileReference section */

/* Begin PBXFrameworksBuildPhase section */
		DD9067161C9C1EE60027A9EA /* Frameworks */ = {
			isa = PBXFrameworksBuildPhase;
			buildActionMask = 2147483647;
			files = (
				FEEBD4E3907580C43D910054 /* Pods_betterment.framework in Frameworks */,
			);
			runOnlyForDeploymentPostprocessing = 0;
		};
		DD90672C1C9C1EE90027A9EA /* Frameworks */ = {
			isa = PBXFrameworksBuildPhase;
			buildActionMask = 2147483647;
			files = (
			);
			runOnlyForDeploymentPostprocessing = 0;
		};
		DD9067371C9C1EE90027A9EA /* Frameworks */ = {
			isa = PBXFrameworksBuildPhase;
			buildActionMask = 2147483647;
			files = (
			);
			runOnlyForDeploymentPostprocessing = 0;
		};
/* End PBXFrameworksBuildPhase section */

/* Begin PBXGroup section */
		77DD615F7FC8EB46A1FE60EE /* Frameworks */ = {
			isa = PBXGroup;
			children = (
				356B151CB5B217C4E9E1FA14 /* Pods_betterment.framework */,
			);
			name = Frameworks;
			sourceTree = "<group>";
		};
		A805864175C3DB3F776B7226 /* Pods */ = {
			isa = PBXGroup;
			children = (
				57FBE1D55B84FC5B395A3D85 /* Pods-betterment.debug.xcconfig */,
				984592E2647987A862C89FE7 /* Pods-betterment.release.xcconfig */,
			);
			name = Pods;
			sourceTree = "<group>";
		};
		DD58D3C81CA00CBB00471714 /* service */ = {
			isa = PBXGroup;
			children = (
				DD8F3DDD1C9FB91D0022FC63 /* BaseService.swift */,
			);
			name = service;
			sourceTree = "<group>";
		};
		DD9067101C9C1EE60027A9EA = {
			isa = PBXGroup;
			children = (
				DD90671B1C9C1EE60027A9EA /* betterment */,
				DD9067321C9C1EE90027A9EA /* bettermentTests */,
				DD90673D1C9C1EE90027A9EA /* bettermentUITests */,
				DD90671A1C9C1EE60027A9EA /* Products */,
				A805864175C3DB3F776B7226 /* Pods */,
				77DD615F7FC8EB46A1FE60EE /* Frameworks */,
			);
			sourceTree = "<group>";
		};
		DD90671A1C9C1EE60027A9EA /* Products */ = {
			isa = PBXGroup;
			children = (
				DD9067191C9C1EE60027A9EA /* betterment.app */,
				DD90672F1C9C1EE90027A9EA /* bettermentTests.xctest */,
				DD90673A1C9C1EE90027A9EA /* bettermentUITests.xctest */,
			);
			name = Products;
			sourceTree = "<group>";
		};
		DD90671B1C9C1EE60027A9EA /* betterment */ = {
			isa = PBXGroup;
			children = (
				DD58D3C81CA00CBB00471714 /* service */,
				DD90674C1C9C1FB20027A9EA /* model */,
				DD90671C1C9C1EE70027A9EA /* AppDelegate.swift */,
				DD90671E1C9C1EE70027A9EA /* FirstViewController.swift */,
				DD9067201C9C1EE70027A9EA /* SecondViewController.swift */,
				DD9067221C9C1EE70027A9EA /* Main.storyboard */,
				DD9067251C9C1EE70027A9EA /* Assets.xcassets */,
				DD9067271C9C1EE70027A9EA /* LaunchScreen.storyboard */,
				DD90672A1C9C1EE80027A9EA /* Info.plist */,
				DDC056411C9C959E00F488D4 /* Welcome.storyboard */,
				DD29B04B1C9D3171003BAF3C /* MasterTableViewCell.swift */,
				DD29B04D1C9D55AD003BAF3C /* MasterDetailTableViewCell.swift */,
				DD29B04F1C9D5693003BAF3C /* DetailTableViewController.swift */,
				DD092BA11C9EAAC800D031AA /* betterment-Bridging-Header.h */,
				DD8F3DDB1C9F878D0022FC63 /* LoginViewController.swift */,
				DDB4D3511CA14D8E00B51245 /* SkillViewController.swift */,
				DDB4D3531CA199D400B51245 /* SkillTableViewCell.swift */,
				DDAC3C5F1CA2ADEE00D3E97E /* WorkViewController.swift */,
				DDAC3C611CA2B30000D3E97E /* WorkTableViewCell.swift */,
			);
			path = betterment;
			sourceTree = "<group>";
		};
		DD9067321C9C1EE90027A9EA /* bettermentTests */ = {
			isa = PBXGroup;
			children = (
				DD9067331C9C1EE90027A9EA /* bettermentTests.swift */,
				DD9067351C9C1EE90027A9EA /* Info.plist */,
			);
			path = bettermentTests;
			sourceTree = "<group>";
		};
		DD90673D1C9C1EE90027A9EA /* bettermentUITests */ = {
			isa = PBXGroup;
			children = (
				DD90673E1C9C1EE90027A9EA /* bettermentUITests.swift */,
				DD9067401C9C1EE90027A9EA /* Info.plist */,
			);
			path = bettermentUITests;
			sourceTree = "<group>";
		};
		DD90674C1C9C1FB20027A9EA /* model */ = {
			isa = PBXGroup;
			children = (
				DD90674F1C9C202C0027A9EA /* Person.swift */,
				DD9067511C9C21300027A9EA /* Skill.swift */,
				DD9067531C9C22340027A9EA /* Work.swift */,
			);
			name = model;
			sourceTree = "<group>";
		};
/* End PBXGroup section */

/* Begin PBXNativeTarget section */
		DD9067181C9C1EE60027A9EA /* betterment */ = {
			isa = PBXNativeTarget;
			buildConfigurationList = DD9067431C9C1EE90027A9EA /* Build configuration list for PBXNativeTarget "betterment" */;
			buildPhases = (
				DD1403BCD275B8DE31A6A225 /* Check Pods Manifest.lock */,
				DD9067151C9C1EE60027A9EA /* Sources */,
				DD9067161C9C1EE60027A9EA /* Frameworks */,
				DD9067171C9C1EE60027A9EA /* Resources */,
				314D6D1D8359002274FC7ABC /* Embed Pods Frameworks */,
				F4DBCE74862963C5C2F431F5 /* Copy Pods Resources */,
			);
			buildRules = (
			);
			dependencies = (
			);
			name = betterment;
			productName = betterment;
			productReference = DD9067191C9C1EE60027A9EA /* betterment.app */;
			productType = "com.apple.product-type.application";
		};
		DD90672E1C9C1EE90027A9EA /* bettermentTests */ = {
			isa = PBXNativeTarget;
			buildConfigurationList = DD9067461C9C1EE90027A9EA /* Build configuration list for PBXNativeTarget "bettermentTests" */;
			buildPhases = (
				DD90672B1C9C1EE90027A9EA /* Sources */,
				DD90672C1C9C1EE90027A9EA /* Frameworks */,
				DD90672D1C9C1EE90027A9EA /* Resources */,
			);
			buildRules = (
			);
			dependencies = (
				DD9067311C9C1EE90027A9EA /* PBXTargetDependency */,
			);
			name = bettermentTests;
			productName = bettermentTests;
			productReference = DD90672F1C9C1EE90027A9EA /* bettermentTests.xctest */;
			productType = "com.apple.product-type.bundle.unit-test";
		};
		DD9067391C9C1EE90027A9EA /* bettermentUITests */ = {
			isa = PBXNativeTarget;
			buildConfigurationList = DD9067491C9C1EE90027A9EA /* Build configuration list for PBXNativeTarget "bettermentUITests" */;
			buildPhases = (
				DD9067361C9C1EE90027A9EA /* Sources */,
				DD9067371C9C1EE90027A9EA /* Frameworks */,
				DD9067381C9C1EE90027A9EA /* Resources */,
			);
			buildRules = (
			);
			dependencies = (
				DD90673C1C9C1EE90027A9EA /* PBXTargetDependency */,
			);
			name = bettermentUITests;
			productName = bettermentUITests;
			productReference = DD90673A1C9C1EE90027A9EA /* bettermentUITests.xctest */;
			productType = "com.apple.product-type.bundle.ui-testing";
		};
/* End PBXNativeTarget section */

/* Begin PBXProject section */
		DD9067111C9C1EE60027A9EA /* Project object */ = {
			isa = PBXProject;
			attributes = {
				LastSwiftUpdateCheck = 0720;
				LastUpgradeCheck = 0720;
				ORGANIZATIONNAME = "Mitul Manish";
				TargetAttributes = {
					DD9067181C9C1EE60027A9EA = {
						CreatedOnToolsVersion = 7.2.1;
						DevelopmentTeam = RNF8E69GKB;
					};
					DD90672E1C9C1EE90027A9EA = {
						CreatedOnToolsVersion = 7.2.1;
						DevelopmentTeam = RNF8E69GKB;
						TestTargetID = DD9067181C9C1EE60027A9EA;
					};
					DD9067391C9C1EE90027A9EA = {
						CreatedOnToolsVersion = 7.2.1;
						DevelopmentTeam = RNF8E69GKB;
						TestTargetID = DD9067181C9C1EE60027A9EA;
					};
				};
			};
			buildConfigurationList = DD9067141C9C1EE60027A9EA /* Build configuration list for PBXProject "betterment" */;
			compatibilityVersion = "Xcode 3.2";
			developmentRegion = English;
			hasScannedForEncodings = 0;
			knownRegions = (
				en,
				Base,
			);
			mainGroup = DD9067101C9C1EE60027A9EA;
			productRefGroup = DD90671A1C9C1EE60027A9EA /* Products */;
			projectDirPath = "";
			projectRoot = "";
			targets = (
				DD9067181C9C1EE60027A9EA /* betterment */,
				DD90672E1C9C1EE90027A9EA /* bettermentTests */,
				DD9067391C9C1EE90027A9EA /* bettermentUITests */,
			);
		};
/* End PBXProject section */

/* Begin PBXResourcesBuildPhase section */
		DD9067171C9C1EE60027A9EA /* Resources */ = {
			isa = PBXResourcesBuildPhase;
			buildActionMask = 2147483647;
			files = (
				DD9067291C9C1EE70027A9EA /* LaunchScreen.storyboard in Resources */,
				DDC056421C9C959E00F488D4 /* Welcome.storyboard in Resources */,
				DD9067261C9C1EE70027A9EA /* Assets.xcassets in Resources */,
				DD9067241C9C1EE70027A9EA /* Main.storyboard in Resources */,
			);
			runOnlyForDeploymentPostprocessing = 0;
		};
		DD90672D1C9C1EE90027A9EA /* Resources */ = {
			isa = PBXResourcesBuildPhase;
			buildActionMask = 2147483647;
			files = (
			);
			runOnlyForDeploymentPostprocessing = 0;
		};
		DD9067381C9C1EE90027A9EA /* Resources */ = {
			isa = PBXResourcesBuildPhase;
			buildActionMask = 2147483647;
			files = (
			);
			runOnlyForDeploymentPostprocessing = 0;
		};
/* End PBXResourcesBuildPhase section */

/* Begin PBXShellScriptBuildPhase section */
		314D6D1D8359002274FC7ABC /* Embed Pods Frameworks */ = {
			isa = PBXShellScriptBuildPhase;
			buildActionMask = 2147483647;
			files = (
			);
			inputPaths = (
			);
			name = "Embed Pods Frameworks";
			outputPaths = (
			);
			runOnlyForDeploymentPostprocessing = 0;
			shellPath = /bin/sh;
			shellScript = "\"${SRCROOT}/Pods/Target Support Files/Pods-betterment/Pods-betterment-frameworks.sh\"\n";
			showEnvVarsInLog = 0;
		};
		DD1403BCD275B8DE31A6A225 /* Check Pods Manifest.lock */ = {
			isa = PBXShellScriptBuildPhase;
			buildActionMask = 2147483647;
			files = (
			);
			inputPaths = (
			);
			name = "Check Pods Manifest.lock";
			outputPaths = (
			);
			runOnlyForDeploymentPostprocessing = 0;
			shellPath = /bin/sh;
			shellScript = "diff \"${PODS_ROOT}/../Podfile.lock\" \"${PODS_ROOT}/Manifest.lock\" > /dev/null\nif [[ $? != 0 ]] ; then\n    cat << EOM\nerror: The sandbox is not in sync with the Podfile.lock. Run 'pod install' or update your CocoaPods installation.\nEOM\n    exit 1\nfi\n";
			showEnvVarsInLog = 0;
		};
		F4DBCE74862963C5C2F431F5 /* Copy Pods Resources */ = {
			isa = PBXShellScriptBuildPhase;
			buildActionMask = 2147483647;
			files = (
			);
			inputPaths = (
			);
			name = "Copy Pods Resources";
			outputPaths = (
			);
			runOnlyForDeploymentPostprocessing = 0;
			shellPath = /bin/sh;
			shellScript = "\"${SRCROOT}/Pods/Target Support Files/Pods-betterment/Pods-betterment-resources.sh\"\n";
			showEnvVarsInLog = 0;
		};
/* End PBXShellScriptBuildPhase section */

/* Begin PBXSourcesBuildPhase section */
		DD9067151C9C1EE60027A9EA /* Sources */ = {
			isa = PBXSourcesBuildPhase;
			buildActionMask = 2147483647;
			files = (
				DD9067211C9C1EE70027A9EA /* SecondViewController.swift in Sources */,
				DDB4D3541CA199D500B51245 /* SkillTableViewCell.swift in Sources */,
				DD90671D1C9C1EE70027A9EA /* AppDelegate.swift in Sources */,
				DD29B04E1C9D55AD003BAF3C /* MasterDetailTableViewCell.swift in Sources */,
				DD9067541C9C22340027A9EA /* Work.swift in Sources */,
				DDAC3C601CA2ADEF00D3E97E /* WorkViewController.swift in Sources */,
				DD29B04C1C9D3171003BAF3C /* MasterTableViewCell.swift in Sources */,
				DDAC3C621CA2B30000D3E97E /* WorkTableViewCell.swift in Sources */,
				DD9067521C9C21300027A9EA /* Skill.swift in Sources */,
				DD29B0501C9D5693003BAF3C /* DetailTableViewController.swift in Sources */,
				DD9067501C9C202C0027A9EA /* Person.swift in Sources */,
				DD8F3DDC1C9F878D0022FC63 /* LoginViewController.swift in Sources */,
				DD90671F1C9C1EE70027A9EA /* FirstViewController.swift in Sources */,
				DDB4D3521CA14D8E00B51245 /* SkillViewController.swift in Sources */,
				DD8F3DDE1C9FB91D0022FC63 /* BaseService.swift in Sources */,
			);
			runOnlyForDeploymentPostprocessing = 0;
		};
		DD90672B1C9C1EE90027A9EA /* Sources */ = {
			isa = PBXSourcesBuildPhase;
			buildActionMask = 2147483647;
			files = (
				DD9067341C9C1EE90027A9EA /* bettermentTests.swift in Sources */,
			);
			runOnlyForDeploymentPostprocessing = 0;
		};
		DD9067361C9C1EE90027A9EA /* Sources */ = {
			isa = PBXSourcesBuildPhase;
			buildActionMask = 2147483647;
			files = (
				DD90673F1C9C1EE90027A9EA /* bettermentUITests.swift in Sources */,
			);
			runOnlyForDeploymentPostprocessing = 0;
		};
/* End PBXSourcesBuildPhase section */

/* Begin PBXTargetDependency section */
		DD9067311C9C1EE90027A9EA /* PBXTargetDependency */ = {
			isa = PBXTargetDependency;
			target = DD9067181C9C1EE60027A9EA /* betterment */;
			targetProxy = DD9067301C9C1EE90027A9EA /* PBXContainerItemProxy */;
		};
		DD90673C1C9C1EE90027A9EA /* PBXTargetDependency */ = {
			isa = PBXTargetDependency;
			target = DD9067181C9C1EE60027A9EA /* betterment */;
			targetProxy = DD90673B1C9C1EE90027A9EA /* PBXContainerItemProxy */;
		};
/* End PBXTargetDependency section */

/* Begin PBXVariantGroup section */
		DD9067221C9C1EE70027A9EA /* Main.storyboard */ = {
			isa = PBXVariantGroup;
			children = (
				DD9067231C9C1EE70027A9EA /* Base */,
			);
			name = Main.storyboard;
			sourceTree = "<group>";
		};
		DD9067271C9C1EE70027A9EA /* LaunchScreen.storyboard */ = {
			isa = PBXVariantGroup;
			children = (
				DD9067281C9C1EE70027A9EA /* Base */,
			);
			name = LaunchScreen.storyboard;
			sourceTree = "<group>";
		};
/* End PBXVariantGroup section */

/* Begin XCBuildConfiguration section */
		DD9067411C9C1EE90027A9EA /* Debug */ = {
			isa = XCBuildConfiguration;
			buildSettings = {
				ALWAYS_SEARCH_USER_PATHS = NO;
				CLANG_CXX_LANGUAGE_STANDARD = "gnu++0x";
				CLANG_CXX_LIBRARY = "libc++";
				CLANG_ENABLE_MODULES = YES;
				CLANG_ENABLE_OBJC_ARC = YES;
				CLANG_WARN_BOOL_CONVERSION = YES;
				CLANG_WARN_CONSTANT_CONVERSION = YES;
				CLANG_WARN_DIRECT_OBJC_ISA_USAGE = YES_ERROR;
				CLANG_WARN_EMPTY_BODY = YES;
				CLANG_WARN_ENUM_CONVERSION = YES;
				CLANG_WARN_INT_CONVERSION = YES;
				CLANG_WARN_OBJC_ROOT_CLASS = YES_ERROR;
				CLANG_WARN_UNREACHABLE_CODE = YES;
				CLANG_WARN__DUPLICATE_METHOD_MATCH = YES;
				"CODE_SIGN_IDENTITY[sdk=iphoneos*]" = "iPhone Developer";
				COPY_PHASE_STRIP = NO;
				DEBUG_INFORMATION_FORMAT = dwarf;
				ENABLE_STRICT_OBJC_MSGSEND = YES;
				ENABLE_TESTABILITY = YES;
				GCC_C_LANGUAGE_STANDARD = gnu99;
				GCC_DYNAMIC_NO_PIC = NO;
				GCC_NO_COMMON_BLOCKS = YES;
				GCC_OPTIMIZATION_LEVEL = 0;
				GCC_PREPROCESSOR_DEFINITIONS = (
					"DEBUG=1",
					"$(inherited)",
				);
				GCC_WARN_64_TO_32_BIT_CONVERSION = YES;
				GCC_WARN_ABOUT_RETURN_TYPE = YES_ERROR;
				GCC_WARN_UNDECLARED_SELECTOR = YES;
				GCC_WARN_UNINITIALIZED_AUTOS = YES_AGGRESSIVE;
				GCC_WARN_UNUSED_FUNCTION = YES;
				GCC_WARN_UNUSED_VARIABLE = YES;
				IPHONEOS_DEPLOYMENT_TARGET = 9.2;
				MTL_ENABLE_DEBUG_INFO = YES;
				ONLY_ACTIVE_ARCH = YES;
				SDKROOT = iphoneos;
				SWIFT_OPTIMIZATION_LEVEL = "-Onone";
				TARGETED_DEVICE_FAMILY = "1,2";
			};
			name = Debug;
		};
		DD9067421C9C1EE90027A9EA /* Release */ = {
			isa = XCBuildConfiguration;
			buildSettings = {
				ALWAYS_SEARCH_USER_PATHS = NO;
				CLANG_CXX_LANGUAGE_STANDARD = "gnu++0x";
				CLANG_CXX_LIBRARY = "libc++";
				CLANG_ENABLE_MODULES = YES;
				CLANG_ENABLE_OBJC_ARC = YES;
				CLANG_WARN_BOOL_CONVERSION = YES;
				CLANG_WARN_CONSTANT_CONVERSION = YES;
				CLANG_WARN_DIRECT_OBJC_ISA_USAGE = YES_ERROR;
				CLANG_WARN_EMPTY_BODY = YES;
				CLANG_WARN_ENUM_CONVERSION = YES;
				CLANG_WARN_INT_CONVERSION = YES;
				CLANG_WARN_OBJC_ROOT_CLASS = YES_ERROR;
				CLANG_WARN_UNREACHABLE_CODE = YES;
				CLANG_WARN__DUPLICATE_METHOD_MATCH = YES;
				"CODE_SIGN_IDENTITY[sdk=iphoneos*]" = "iPhone Developer";
				COPY_PHASE_STRIP = NO;
				DEBUG_INFORMATION_FORMAT = "dwarf-with-dsym";
				ENABLE_NS_ASSERTIONS = NO;
				ENABLE_STRICT_OBJC_MSGSEND = YES;
				GCC_C_LANGUAGE_STANDARD = gnu99;
				GCC_NO_COMMON_BLOCKS = YES;
				GCC_WARN_64_TO_32_BIT_CONVERSION = YES;
				GCC_WARN_ABOUT_RETURN_TYPE = YES_ERROR;
				GCC_WARN_UNDECLARED_SELECTOR = YES;
				GCC_WARN_UNINITIALIZED_AUTOS = YES_AGGRESSIVE;
				GCC_WARN_UNUSED_FUNCTION = YES;
				GCC_WARN_UNUSED_VARIABLE = YES;
				IPHONEOS_DEPLOYMENT_TARGET = 9.2;
				MTL_ENABLE_DEBUG_INFO = NO;
				SDKROOT = iphoneos;
				TARGETED_DEVICE_FAMILY = "1,2";
				VALIDATE_PRODUCT = YES;
			};
			name = Release;
		};
		DD9067441C9C1EE90027A9EA /* Debug */ = {
			isa = XCBuildConfiguration;
			baseConfigurationReference = 57FBE1D55B84FC5B395A3D85 /* Pods-betterment.debug.xcconfig */;
			buildSettings = {
				ASSETCATALOG_COMPILER_APPICON_NAME = AppIcon;
				CLANG_ENABLE_MODULES = YES;
				INFOPLIST_FILE = betterment/Info.plist;
				LD_RUNPATH_SEARCH_PATHS = "$(inherited) @executable_path/Frameworks";
				PRODUCT_BUNDLE_IDENTIFIER = com.rmit.betterment;
				PRODUCT_NAME = "$(TARGET_NAME)";
				SWIFT_OBJC_BRIDGING_HEADER = "betterment/betterment-Bridging-Header.h";
				SWIFT_OPTIMIZATION_LEVEL = "-Onone";
			};
			name = Debug;
		};
		DD9067451C9C1EE90027A9EA /* Release */ = {
			isa = XCBuildConfiguration;
			baseConfigurationReference = 984592E2647987A862C89FE7 /* Pods-betterment.release.xcconfig */;
			buildSettings = {
				ASSETCATALOG_COMPILER_APPICON_NAME = AppIcon;
				CLANG_ENABLE_MODULES = YES;
				INFOPLIST_FILE = betterment/Info.plist;
				LD_RUNPATH_SEARCH_PATHS = "$(inherited) @executable_path/Frameworks";
				PRODUCT_BUNDLE_IDENTIFIER = com.rmit.betterment;
				PRODUCT_NAME = "$(TARGET_NAME)";
				SWIFT_OBJC_BRIDGING_HEADER = "betterment/betterment-Bridging-Header.h";
			};
			name = Release;
		};
		DD9067471C9C1EE90027A9EA /* Debug */ = {
			isa = XCBuildConfiguration;
			buildSettings = {
				BUNDLE_LOADER = "$(TEST_HOST)";
				INFOPLIST_FILE = bettermentTests/Info.plist;
				LD_RUNPATH_SEARCH_PATHS = "$(inherited) @executable_path/Frameworks @loader_path/Frameworks";
				PRODUCT_BUNDLE_IDENTIFIER = com.rmit.bettermentTests;
				PRODUCT_NAME = "$(TARGET_NAME)";
				TEST_HOST = "$(BUILT_PRODUCTS_DIR)/betterment.app/betterment";
			};
			name = Debug;
		};
		DD9067481C9C1EE90027A9EA /* Release */ = {
			isa = XCBuildConfiguration;
			buildSettings = {
				BUNDLE_LOADER = "$(TEST_HOST)";
				INFOPLIST_FILE = bettermentTests/Info.plist;
				LD_RUNPATH_SEARCH_PATHS = "$(inherited) @executable_path/Frameworks @loader_path/Frameworks";
				PRODUCT_BUNDLE_IDENTIFIER = com.rmit.bettermentTests;
				PRODUCT_NAME = "$(TARGET_NAME)";
				TEST_HOST = "$(BUILT_PRODUCTS_DIR)/betterment.app/betterment";
			};
			name = Release;
		};
		DD90674A1C9C1EE90027A9EA /* Debug */ = {
			isa = XCBuildConfiguration;
			buildSettings = {
				INFOPLIST_FILE = bettermentUITests/Info.plist;
				LD_RUNPATH_SEARCH_PATHS = "$(inherited) @executable_path/Frameworks @loader_path/Frameworks";
				PRODUCT_BUNDLE_IDENTIFIER = com.rmit.bettermentUITests;
				PRODUCT_NAME = "$(TARGET_NAME)";
				TEST_TARGET_NAME = betterment;
				USES_XCTRUNNER = YES;
			};
			name = Debug;
		};
		DD90674B1C9C1EE90027A9EA /* Release */ = {
			isa = XCBuildConfiguration;
			buildSettings = {
				INFOPLIST_FILE = bettermentUITests/Info.plist;
				LD_RUNPATH_SEARCH_PATHS = "$(inherited) @executable_path/Frameworks @loader_path/Frameworks";
				PRODUCT_BUNDLE_IDENTIFIER = com.rmit.bettermentUITests;
				PRODUCT_NAME = "$(TARGET_NAME)";
				TEST_TARGET_NAME = betterment;
				USES_XCTRUNNER = YES;
			};
			name = Release;
		};
/* End XCBuildConfiguration section */

/* Begin XCConfigurationList section */
		DD9067141C9C1EE60027A9EA /* Build configuration list for PBXProject "betterment" */ = {
			isa = XCConfigurationList;
			buildConfigurations = (
				DD9067411C9C1EE90027A9EA /* Debug */,
				DD9067421C9C1EE90027A9EA /* Release */,
			);
			defaultConfigurationIsVisible = 0;
			defaultConfigurationName = Release;
		};
		DD9067431C9C1EE90027A9EA /* Build configuration list for PBXNativeTarget "betterment" */ = {
			isa = XCConfigurationList;
			buildConfigurations = (
				DD9067441C9C1EE90027A9EA /* Debug */,
				DD9067451C9C1EE90027A9EA /* Release */,
			);
			defaultConfigurationIsVisible = 0;
			defaultConfigurationName = Release;
		};
		DD9067461C9C1EE90027A9EA /* Build configuration list for PBXNativeTarget "bettermentTests" */ = {
			isa = XCConfigurationList;
			buildConfigurations = (
				DD9067471C9C1EE90027A9EA /* Debug */,
				DD9067481C9C1EE90027A9EA /* Release */,
			);
			defaultConfigurationIsVisible = 0;
			defaultConfigurationName = Release;
		};
		DD9067491C9C1EE90027A9EA /* Build configuration list for PBXNativeTarget "bettermentUITests" */ = {
			isa = XCConfigurationList;
			buildConfigurations = (
				DD90674A1C9C1EE90027A9EA /* Debug */,
				DD90674B1C9C1EE90027A9EA /* Release */,
			);
			defaultConfigurationIsVisible = 0;
			defaultConfigurationName = Release;
		};
/* End XCConfigurationList section */
	};
	rootObject = DD9067111C9C1EE60027A9EA /* Project object */;
}
